// !$*UTF8*$!
{
	archiveVersion = 1;
	classes = {
	};
	objectVersion = 46;
	objects = {

/* Begin PBXBuildFile section */
		27043CFD1E25352B00DFC1B4 /* CustomAd.swift in Sources */ = {isa = PBXBuildFile; fileRef = 27043CFB1E25352B00DFC1B4 /* CustomAd.swift */; };
		27043CFE1E25352B00DFC1B4 /* CustomAd.xib in Resources */ = {isa = PBXBuildFile; fileRef = 27043CFC1E25352B00DFC1B4 /* CustomAd.xib */; };
		27043D011E25453700DFC1B4 /* AboutUsViewController.swift in Sources */ = {isa = PBXBuildFile; fileRef = 27043D001E25453700DFC1B4 /* AboutUsViewController.swift */; };
		27066B911E23AE3000989475 /* CollectionViewController.swift in Sources */ = {isa = PBXBuildFile; fileRef = 27066B901E23AE3000989475 /* CollectionViewController.swift */; };
		272B90141E2388770016A8D9 /* CustomIntegrationViewController.swift in Sources */ = {isa = PBXBuildFile; fileRef = 272B90131E2388770016A8D9 /* CustomIntegrationViewController.swift */; };
		2738F2AF1DD0D27D00779073 /* CollectionItemCell.swift in Sources */ = {isa = PBXBuildFile; fileRef = 27DD16091D8ED56F00B31C6A /* CollectionItemCell.swift */; };
		2738F2B11DD0D27D00779073 /* ExampleTableViewDataSource.swift in Sources */ = {isa = PBXBuildFile; fileRef = 27DD16151D8ED58E00B31C6A /* ExampleTableViewDataSource.swift */; };
		2738F2B21DD0D27D00779073 /* TableViewController.swift in Sources */ = {isa = PBXBuildFile; fileRef = 27DD16161D8ED58E00B31C6A /* TableViewController.swift */; };
		2738F2B31DD0D27D00779073 /* TableViewWithSectionsController.swift in Sources */ = {isa = PBXBuildFile; fileRef = 3A9F04EB1DA7F1C50014949F /* TableViewWithSectionsController.swift */; };
		2738F2B41DD0D27D00779073 /* ExampleTableViewDataSourceWithSections.swift in Sources */ = {isa = PBXBuildFile; fileRef = 3A9F04ED1DA7F24C0014949F /* ExampleTableViewDataSourceWithSections.swift */; };
		2738F2B51DD0D27D00779073 /* AppDelegate.swift in Sources */ = {isa = PBXBuildFile; fileRef = 27DD162D1D8ED5B500B31C6A /* AppDelegate.swift */; };
		2756E9711E36342000209EAE /* MoPubTableViewController.swift in Sources */ = {isa = PBXBuildFile; fileRef = 2756E9701E36342000209EAE /* MoPubTableViewController.swift */; };
		2756E9741E36363200209EAE /* MoPubNativeAdCell.swift in Sources */ = {isa = PBXBuildFile; fileRef = 2756E9721E36363200209EAE /* MoPubNativeAdCell.swift */; };
		2756E9781E3637A700209EAE /* PMMoPubNativeAdAdapter.swift in Sources */ = {isa = PBXBuildFile; fileRef = 2756E9771E3637A700209EAE /* PMMoPubNativeAdAdapter.swift */; };
		2756E97A1E3637D700209EAE /* PMMoPubNativeCustomEvent.swift in Sources */ = {isa = PBXBuildFile; fileRef = 2756E9791E3637D700209EAE /* PMMoPubNativeCustomEvent.swift */; };
		27B866251E23A9360000FE3D /* ItemTableModel.swift in Sources */ = {isa = PBXBuildFile; fileRef = 27B866241E23A9360000FE3D /* ItemTableModel.swift */; };
		27B866291E23AA0B0000FE3D /* ItemCell.swift in Sources */ = {isa = PBXBuildFile; fileRef = 27B866281E23AA0B0000FE3D /* ItemCell.swift */; };
		27C07CE41E3672450058661B /* MoPubNativeAdCell.xib in Resources */ = {isa = PBXBuildFile; fileRef = 27C07CE31E3672450058661B /* MoPubNativeAdCell.xib */; };
		27D288111DD085440020EEAA /* DummyData.json in Resources */ = {isa = PBXBuildFile; fileRef = 27D2880F1DD085300020EEAA /* DummyData.json */; };
		27DD16081D8ED10C00B31C6A /* Images.xcassets in Resources */ = {isa = PBXBuildFile; fileRef = 27DD16071D8ED10C00B31C6A /* Images.xcassets */; };
		27DD16251D8ED5A100B31C6A /* LaunchScreen.xib in Resources */ = {isa = PBXBuildFile; fileRef = 27DD161C1D8ED5A100B31C6A /* LaunchScreen.xib */; };
		27DD16281D8ED5A100B31C6A /* Main.storyboard in Resources */ = {isa = PBXBuildFile; fileRef = 27DD161F1D8ED5A100B31C6A /* Main.storyboard */; };
		27DD162C1D8ED5B100B31C6A /* Info.plist in Resources */ = {isa = PBXBuildFile; fileRef = 27DD162B1D8ED5B100B31C6A /* Info.plist */; };
		27F1E2D81E20018200297D5F /* TabBarController.swift in Sources */ = {isa = PBXBuildFile; fileRef = 27F1E2D71E20018200297D5F /* TabBarController.swift */; };
		36E61EE057FCB781FB8F4958 /* Pods_PocketMediaNativeAdsExample.framework in Frameworks */ = {isa = PBXBuildFile; fileRef = 21342A6002AEB9EE10CFC580 /* Pods_PocketMediaNativeAdsExample.framework */; };
		3AC20D681E36541C004A448E /* Logo_Pocketmedia_horizontal_white.png in Resources */ = {isa = PBXBuildFile; fileRef = 3AC20D671E36541C004A448E /* Logo_Pocketmedia_horizontal_white.png */; };
/* End PBXBuildFile section */

/* Begin PBXCopyFilesBuildPhase section */
		27A2A8CD1D83073600BE8DFD /* Embed Frameworks */ = {
			isa = PBXCopyFilesBuildPhase;
			buildActionMask = 2147483647;
			dstPath = "";
			dstSubfolderSpec = 10;
			files = (
			);
			name = "Embed Frameworks";
			runOnlyForDeploymentPostprocessing = 0;
		};
/* End PBXCopyFilesBuildPhase section */

/* Begin PBXFileReference section */
		21342A6002AEB9EE10CFC580 /* Pods_PocketMediaNativeAdsExample.framework */ = {isa = PBXFileReference; explicitFileType = wrapper.framework; includeInIndex = 0; path = Pods_PocketMediaNativeAdsExample.framework; sourceTree = BUILT_PRODUCTS_DIR; };
		27043CFB1E25352B00DFC1B4 /* CustomAd.swift */ = {isa = PBXFileReference; fileEncoding = 4; lastKnownFileType = sourcecode.swift; name = CustomAd.swift; path = PocketMediaNativeAdsExample/TableView/customAd/CustomAd.swift; sourceTree = "<group>"; };
		27043CFC1E25352B00DFC1B4 /* CustomAd.xib */ = {isa = PBXFileReference; fileEncoding = 4; lastKnownFileType = file.xib; name = CustomAd.xib; path = PocketMediaNativeAdsExample/TableView/customAd/CustomAd.xib; sourceTree = "<group>"; };
		27043D001E25453700DFC1B4 /* AboutUsViewController.swift */ = {isa = PBXFileReference; fileEncoding = 4; lastKnownFileType = sourcecode.swift; name = AboutUsViewController.swift; path = PocketMediaNativeAdsExample/AboutUs/AboutUsViewController.swift; sourceTree = "<group>"; };
		27066B901E23AE3000989475 /* CollectionViewController.swift */ = {isa = PBXFileReference; fileEncoding = 4; lastKnownFileType = sourcecode.swift; name = CollectionViewController.swift; path = PocketMediaNativeAdsExample/CollectionView/CollectionViewController.swift; sourceTree = "<group>"; };
		272B90131E2388770016A8D9 /* CustomIntegrationViewController.swift */ = {isa = PBXFileReference; fileEncoding = 4; lastKnownFileType = sourcecode.swift; lineEnding = 0; name = CustomIntegrationViewController.swift; path = PocketMediaNativeAdsExample/CustomIntegration/CustomIntegrationViewController.swift; sourceTree = "<group>"; xcLanguageSpecificationIdentifier = xcode.lang.swift; };
		2736C9401DA4F469002D7BC9 /* PocketMediaNativeAds.framework */ = {isa = PBXFileReference; lastKnownFileType = wrapper.framework; name = PocketMediaNativeAds.framework; path = "build/Debug-iphoneos/PocketMediaNativeAds.framework"; sourceTree = "<group>"; };
		274E413B1DD1E2C0003DEFDA /* DummyData.json */ = {isa = PBXFileReference; fileEncoding = 4; lastKnownFileType = text.json; name = DummyData.json; path = PocketMediaNativeAdsExample/Resources/DummyData.json; sourceTree = "<group>"; };
		2756E9701E36342000209EAE /* MoPubTableViewController.swift */ = {isa = PBXFileReference; fileEncoding = 4; lastKnownFileType = sourcecode.swift; name = MoPubTableViewController.swift; path = PocketMediaNativeAdsExample/AdapterIntegration/MoPub/MoPubTableViewController.swift; sourceTree = "<group>"; };
		2756E9721E36363200209EAE /* MoPubNativeAdCell.swift */ = {isa = PBXFileReference; fileEncoding = 4; lastKnownFileType = sourcecode.swift; name = MoPubNativeAdCell.swift; path = PocketMediaNativeAdsExample/AdapterIntegration/MoPub/MoPubNativeAdCell.swift; sourceTree = "<group>"; };
		2756E9771E3637A700209EAE /* PMMoPubNativeAdAdapter.swift */ = {isa = PBXFileReference; fileEncoding = 4; lastKnownFileType = sourcecode.swift; lineEnding = 0; name = PMMoPubNativeAdAdapter.swift; path = PocketMediaNativeAdsExample/AdapterIntegration/MoPub/Adapter/PMMoPubNativeAdAdapter.swift; sourceTree = "<group>"; xcLanguageSpecificationIdentifier = xcode.lang.swift; };
		2756E9791E3637D700209EAE /* PMMoPubNativeCustomEvent.swift */ = {isa = PBXFileReference; fileEncoding = 4; lastKnownFileType = sourcecode.swift; name = PMMoPubNativeCustomEvent.swift; path = PocketMediaNativeAdsExample/AdapterIntegration/MoPub/Adapter/PMMoPubNativeCustomEvent.swift; sourceTree = "<group>"; };
		2789BFE71DA3FCC8008802FE /* PocketMediaNativeAds.framework */ = {isa = PBXFileReference; lastKnownFileType = wrapper.framework; name = PocketMediaNativeAds.framework; path = "build/Debug-iphoneos/PocketMediaNativeAds.framework"; sourceTree = "<group>"; };
		2789BFEC1DA3FD27008802FE /* PocketMediaNativeAds.framework */ = {isa = PBXFileReference; lastKnownFileType = wrapper.framework; name = PocketMediaNativeAds.framework; path = "build/Debug-iphoneos/PocketMediaNativeAds.framework"; sourceTree = "<group>"; };
		2789BFF01DA3FF1D008802FE /* PocketMediaNativeAds.framework */ = {isa = PBXFileReference; lastKnownFileType = wrapper.framework; name = PocketMediaNativeAds.framework; path = "../../../Library/Developer/Xcode/DerivedData/PocketMediaNativeAds-gnigauuiuuimgbatvmuinnysmyto/Build/Products/Debug-iphoneos/PocketMediaNativeAds/PocketMediaNativeAds.framework"; sourceTree = "<group>"; };
		2789BFF11DA3FF1D008802FE /* PocketMediaNativeAds.framework */ = {isa = PBXFileReference; lastKnownFileType = wrapper.framework; name = PocketMediaNativeAds.framework; path = "build/Debug-iphoneos/PocketMediaNativeAds.framework"; sourceTree = "<group>"; };
		278C134C1DA2B4B700C604F0 /* PocketMediaNativeAds.framework */ = {isa = PBXFileReference; lastKnownFileType = wrapper.framework; name = PocketMediaNativeAds.framework; path = "../../../Library/Developer/Xcode/DerivedData/PocketMediaNativeAds-gnigauuiuuimgbatvmuinnysmyto/Build/Products/Debug-iphoneos/PocketMediaNativeAds.framework"; sourceTree = "<group>"; };
		27AF97781D8EEA91003B71D0 /* PocketMediaNativeAds.framework */ = {isa = PBXFileReference; lastKnownFileType = wrapper.framework; name = PocketMediaNativeAds.framework; path = "build/Debug-iphoneos/PocketMediaNativeAds.framework"; sourceTree = "<group>"; };
		27B866231E23A84C0000FE3D /* PocketMediaNativeAdsExample_Example.app */ = {isa = PBXFileReference; explicitFileType = wrapper.application; includeInIndex = 0; path = PocketMediaNativeAdsExample_Example.app; sourceTree = BUILT_PRODUCTS_DIR; };
		27B866241E23A9360000FE3D /* ItemTableModel.swift */ = {isa = PBXFileReference; fileEncoding = 4; lastKnownFileType = sourcecode.swift; name = ItemTableModel.swift; path = PocketMediaNativeAdsExample/ItemTableModel.swift; sourceTree = "<group>"; };
		27B866281E23AA0B0000FE3D /* ItemCell.swift */ = {isa = PBXFileReference; fileEncoding = 4; lastKnownFileType = sourcecode.swift; name = ItemCell.swift; path = PocketMediaNativeAdsExample/TableView/ItemCell.swift; sourceTree = "<group>"; };
		27C07CE31E3672450058661B /* MoPubNativeAdCell.xib */ = {isa = PBXFileReference; fileEncoding = 4; lastKnownFileType = file.xib; name = MoPubNativeAdCell.xib; path = PocketMediaNativeAdsExample/AdapterIntegration/MoPub/MoPubNativeAdCell.xib; sourceTree = "<group>"; };
		27D2880F1DD085300020EEAA /* DummyData.json */ = {isa = PBXFileReference; fileEncoding = 4; lastKnownFileType = text.json; name = DummyData.json; path = PocketMediaNativeAdsExample/Resources/DummyData.json; sourceTree = "<group>"; };
		27DD16021D8ED04500B31C6A /* PocketMediaNativeAds.framework */ = {isa = PBXFileReference; lastKnownFileType = wrapper.framework; name = PocketMediaNativeAds.framework; path = "../../../Library/Developer/Xcode/DerivedData/PocketMediaNativeAds-gnigauuiuuimgbatvmuinnysmyto/Build/Products/Debug-iphonesimulator/PocketMediaNativeAds.framework"; sourceTree = "<group>"; };
		27DD16071D8ED10C00B31C6A /* Images.xcassets */ = {isa = PBXFileReference; lastKnownFileType = folder.assetcatalog; name = Images.xcassets; path = PocketMediaNativeAdsExample/Images.xcassets; sourceTree = "<group>"; };
		27DD16091D8ED56F00B31C6A /* CollectionItemCell.swift */ = {isa = PBXFileReference; fileEncoding = 4; lastKnownFileType = sourcecode.swift; name = CollectionItemCell.swift; path = PocketMediaNativeAdsExample/CollectionView/CollectionItemCell.swift; sourceTree = "<group>"; };
		27DD16151D8ED58E00B31C6A /* ExampleTableViewDataSource.swift */ = {isa = PBXFileReference; fileEncoding = 4; lastKnownFileType = sourcecode.swift; name = ExampleTableViewDataSource.swift; path = PocketMediaNativeAdsExample/TableView/ExampleTableViewDataSource.swift; sourceTree = "<group>"; };
		27DD16161D8ED58E00B31C6A /* TableViewController.swift */ = {isa = PBXFileReference; fileEncoding = 4; lastKnownFileType = sourcecode.swift; name = TableViewController.swift; path = PocketMediaNativeAdsExample/TableView/TableViewController.swift; sourceTree = "<group>"; };
		27DD161C1D8ED5A100B31C6A /* LaunchScreen.xib */ = {isa = PBXFileReference; fileEncoding = 4; lastKnownFileType = file.xib; name = LaunchScreen.xib; path = PocketMediaNativeAdsExample/Resources/LaunchScreen.xib; sourceTree = "<group>"; };
		27DD161F1D8ED5A100B31C6A /* Main.storyboard */ = {isa = PBXFileReference; fileEncoding = 4; lastKnownFileType = file.storyboard; name = Main.storyboard; path = PocketMediaNativeAdsExample/Resources/Main.storyboard; sourceTree = "<group>"; };
		27DD162B1D8ED5B100B31C6A /* Info.plist */ = {isa = PBXFileReference; fileEncoding = 4; lastKnownFileType = text.plist.xml; name = Info.plist; path = PocketMediaNativeAdsExample/Info.plist; sourceTree = "<group>"; };
		27DD162D1D8ED5B500B31C6A /* AppDelegate.swift */ = {isa = PBXFileReference; fileEncoding = 4; lastKnownFileType = sourcecode.swift; name = AppDelegate.swift; path = PocketMediaNativeAdsExample/AppDelegate.swift; sourceTree = "<group>"; };
		27F1E2D71E20018200297D5F /* TabBarController.swift */ = {isa = PBXFileReference; fileEncoding = 4; lastKnownFileType = sourcecode.swift; name = TabBarController.swift; path = PocketMediaNativeAdsExample/TabBarController.swift; sourceTree = "<group>"; };
		3A9F04EB1DA7F1C50014949F /* TableViewWithSectionsController.swift */ = {isa = PBXFileReference; fileEncoding = 4; lastKnownFileType = sourcecode.swift; name = TableViewWithSectionsController.swift; path = PocketMediaNativeAdsExample/TableView/TableViewWithSectionsController.swift; sourceTree = "<group>"; };
		3A9F04ED1DA7F24C0014949F /* ExampleTableViewDataSourceWithSections.swift */ = {isa = PBXFileReference; fileEncoding = 4; lastKnownFileType = sourcecode.swift; name = ExampleTableViewDataSourceWithSections.swift; path = PocketMediaNativeAdsExample/TableView/ExampleTableViewDataSourceWithSections.swift; sourceTree = "<group>"; };
		3AC20D671E36541C004A448E /* Logo_Pocketmedia_horizontal_white.png */ = {isa = PBXFileReference; lastKnownFileType = image.png; path = Logo_Pocketmedia_horizontal_white.png; sourceTree = "<group>"; };
		C37754EA463A727C61BAD5AF /* Pods-PocketMediaNativeAdsExample.debug.xcconfig */ = {isa = PBXFileReference; includeInIndex = 1; lastKnownFileType = text.xcconfig; name = "Pods-PocketMediaNativeAdsExample.debug.xcconfig"; path = "Pods/Target Support Files/Pods-PocketMediaNativeAdsExample/Pods-PocketMediaNativeAdsExample.debug.xcconfig"; sourceTree = "<group>"; };
		F397DEFC5C14233311E47772 /* Pods-PocketMediaNativeAdsExample.release.xcconfig */ = {isa = PBXFileReference; includeInIndex = 1; lastKnownFileType = text.xcconfig; name = "Pods-PocketMediaNativeAdsExample.release.xcconfig"; path = "Pods/Target Support Files/Pods-PocketMediaNativeAdsExample/Pods-PocketMediaNativeAdsExample.release.xcconfig"; sourceTree = "<group>"; };
/* End PBXFileReference section */

/* Begin PBXFrameworksBuildPhase section */
		607FACCD1AFB9204008FA782 /* Frameworks */ = {
			isa = PBXFrameworksBuildPhase;
			buildActionMask = 2147483647;
			files = (
				36E61EE057FCB781FB8F4958 /* Pods_PocketMediaNativeAdsExample.framework in Frameworks */,
			);
			runOnlyForDeploymentPostprocessing = 0;
		};
/* End PBXFrameworksBuildPhase section */

/* Begin PBXGroup section */
		27043CF91E2534EF00DFC1B4 /* sections + custom ad */ = {
			isa = PBXGroup;
			children = (
				3A9F04EB1DA7F1C50014949F /* TableViewWithSectionsController.swift */,
				3A9F04ED1DA7F24C0014949F /* ExampleTableViewDataSourceWithSections.swift */,
				27043CFB1E25352B00DFC1B4 /* CustomAd.swift */,
				27043CFC1E25352B00DFC1B4 /* CustomAd.xib */,
			);
			name = "sections + custom ad";
			sourceTree = "<group>";
		};
		27043CFF1E25452000DFC1B4 /* AboutUs */ = {
			isa = PBXGroup;
			children = (
				27043D001E25453700DFC1B4 /* AboutUsViewController.swift */,
			);
			name = AboutUs;
			sourceTree = "<group>";
		};
		272B90121E2386840016A8D9 /* CustomIntegration */ = {
			isa = PBXGroup;
			children = (
				272B90131E2388770016A8D9 /* CustomIntegrationViewController.swift */,
			);
			name = CustomIntegration;
			sourceTree = "<group>";
		};
		2756E96E1E3633CC00209EAE /* AdapterIntegration */ = {
			isa = PBXGroup;
			children = (
				2756E96F1E3633DA00209EAE /* MoPub */,
			);
			name = AdapterIntegration;
			sourceTree = "<group>";
		};
		2756E96F1E3633DA00209EAE /* MoPub */ = {
			isa = PBXGroup;
			children = (
				27C07CE31E3672450058661B /* MoPubNativeAdCell.xib */,
				2756E9761E3636E200209EAE /* Adapter */,
				2756E9701E36342000209EAE /* MoPubTableViewController.swift */,
				2756E9721E36363200209EAE /* MoPubNativeAdCell.swift */,
			);
			name = MoPub;
			sourceTree = "<group>";
		};
		2756E9761E3636E200209EAE /* Adapter */ = {
			isa = PBXGroup;
			children = (
				2756E9771E3637A700209EAE /* PMMoPubNativeAdAdapter.swift */,
				2756E9791E3637D700209EAE /* PMMoPubNativeCustomEvent.swift */,
			);
			name = Adapter;
			sourceTree = "<group>";
		};
		27859FD71D8ECEA300C85D7A /* TableView */ = {
			isa = PBXGroup;
			children = (
				27043CF91E2534EF00DFC1B4 /* sections + custom ad */,
				27DD16151D8ED58E00B31C6A /* ExampleTableViewDataSource.swift */,
				27DD16161D8ED58E00B31C6A /* TableViewController.swift */,
				27B866281E23AA0B0000FE3D /* ItemCell.swift */,
			);
			name = TableView;
			sourceTree = "<group>";
		};
		27859FE21D8ECEC200C85D7A /* CollectionView */ = {
			isa = PBXGroup;
			children = (
				27DD16091D8ED56F00B31C6A /* CollectionItemCell.swift */,
				27066B901E23AE3000989475 /* CollectionViewController.swift */,
			);
			name = CollectionView;
			sourceTree = "<group>";
		};
		27859FEB1D8ECEE400C85D7A /* Resources */ = {
			isa = PBXGroup;
			children = (
				3AC20D671E36541C004A448E /* Logo_Pocketmedia_horizontal_white.png */,
				27D2880F1DD085300020EEAA /* DummyData.json */,
				27DD161F1D8ED5A100B31C6A /* Main.storyboard */,
				27DD161C1D8ED5A100B31C6A /* LaunchScreen.xib */,
			);
			name = Resources;
			sourceTree = "<group>";
		};
		278CE88D1D8EDDA200F6CF8A /* PocketMediaNativeAdsExample */ = {
			isa = PBXGroup;
			children = (
				2756E96E1E3633CC00209EAE /* AdapterIntegration */,
				27043CFF1E25452000DFC1B4 /* AboutUs */,
				272B90121E2386840016A8D9 /* CustomIntegration */,
				274E413B1DD1E2C0003DEFDA /* DummyData.json */,
				27859FE21D8ECEC200C85D7A /* CollectionView */,
				27859FD71D8ECEA300C85D7A /* TableView */,
				27859FEB1D8ECEE400C85D7A /* Resources */,
				27DD162B1D8ED5B100B31C6A /* Info.plist */,
				27DD162D1D8ED5B500B31C6A /* AppDelegate.swift */,
				27DD16071D8ED10C00B31C6A /* Images.xcassets */,
				27F1E2D71E20018200297D5F /* TabBarController.swift */,
				27B866241E23A9360000FE3D /* ItemTableModel.swift */,
			);
			name = PocketMediaNativeAdsExample;
			sourceTree = "<group>";
		};
		27F09FC91D8EDDF7006CFC19 /* Products */ = {
			isa = PBXGroup;
			children = (
			);
			name = Products;
			sourceTree = "<group>";
		};
		607FACC71AFB9204008FA782 = {
			isa = PBXGroup;
			children = (
				278CE88D1D8EDDA200F6CF8A /* PocketMediaNativeAdsExample */,
				706B59302CE871EBDDBEE4B4 /* Frameworks */,
				27F09FC91D8EDDF7006CFC19 /* Products */,
				867666BA7E4D8056F0D762EB /* Pods */,
				27B866231E23A84C0000FE3D /* PocketMediaNativeAdsExample_Example.app */,
			);
			sourceTree = "<group>";
		};
		706B59302CE871EBDDBEE4B4 /* Frameworks */ = {
			isa = PBXGroup;
			children = (
				2736C9401DA4F469002D7BC9 /* PocketMediaNativeAds.framework */,
				2789BFF01DA3FF1D008802FE /* PocketMediaNativeAds.framework */,
				2789BFF11DA3FF1D008802FE /* PocketMediaNativeAds.framework */,
				2789BFEC1DA3FD27008802FE /* PocketMediaNativeAds.framework */,
				2789BFE71DA3FCC8008802FE /* PocketMediaNativeAds.framework */,
				278C134C1DA2B4B700C604F0 /* PocketMediaNativeAds.framework */,
				27AF97781D8EEA91003B71D0 /* PocketMediaNativeAds.framework */,
				27DD16021D8ED04500B31C6A /* PocketMediaNativeAds.framework */,
				21342A6002AEB9EE10CFC580 /* Pods_PocketMediaNativeAdsExample.framework */,
			);
			name = Frameworks;
			sourceTree = "<group>";
		};
		867666BA7E4D8056F0D762EB /* Pods */ = {
			isa = PBXGroup;
			children = (
				C37754EA463A727C61BAD5AF /* Pods-PocketMediaNativeAdsExample.debug.xcconfig */,
				F397DEFC5C14233311E47772 /* Pods-PocketMediaNativeAdsExample.release.xcconfig */,
			);
			name = Pods;
			sourceTree = "<group>";
		};
/* End PBXGroup section */

/* Begin PBXNativeTarget section */
		607FACCF1AFB9204008FA782 /* PocketMediaNativeAdsExample */ = {
			isa = PBXNativeTarget;
			buildConfigurationList = 607FACEF1AFB9204008FA782 /* Build configuration list for PBXNativeTarget "PocketMediaNativeAdsExample" */;
			buildPhases = (
				EC9E9AB05143E704796E9FB0 /* [CP] Check Pods Manifest.lock */,
				607FACCD1AFB9204008FA782 /* Frameworks */,
				607FACCC1AFB9204008FA782 /* Sources */,
				27A2A8CD1D83073600BE8DFD /* Embed Frameworks */,
				607FACCE1AFB9204008FA782 /* Resources */,
				A7743CE655DC9441A3AF3CAA /* [CP] Embed Pods Frameworks */,
				85ED3F02AE681DFBEEE12D29 /* [CP] Copy Pods Resources */,
			);
			buildRules = (
			);
			dependencies = (
			);
			name = PocketMediaNativeAdsExample;
			productName = PocketMediaNativeAds;
			productReference = 27B866231E23A84C0000FE3D /* PocketMediaNativeAdsExample_Example.app */;
			productType = "com.apple.product-type.application";
		};
/* End PBXNativeTarget section */

/* Begin PBXProject section */
		607FACC81AFB9204008FA782 /* Project object */ = {
			isa = PBXProject;
			attributes = {
				LastSwiftUpdateCheck = 0730;
				LastUpgradeCheck = 0820;
				ORGANIZATIONNAME = PocketMedia;
				TargetAttributes = {
					607FACCF1AFB9204008FA782 = {
						CreatedOnToolsVersion = 6.3.1;
						DevelopmentTeam = L7E3AY2W7R;
						ProvisioningStyle = Automatic;
					};
				};
			};
			buildConfigurationList = 607FACCB1AFB9204008FA782 /* Build configuration list for PBXProject "PocketMediaNativeAdsExample" */;
			compatibilityVersion = "Xcode 3.2";
			developmentRegion = English;
			hasScannedForEncodings = 0;
			knownRegions = (
				en,
				Base,
			);
			mainGroup = 607FACC71AFB9204008FA782;
			productRefGroup = 607FACC71AFB9204008FA782;
			projectDirPath = "";
			projectRoot = "";
			targets = (
				607FACCF1AFB9204008FA782 /* PocketMediaNativeAdsExample */,
			);
		};
/* End PBXProject section */

/* Begin PBXResourcesBuildPhase section */
		607FACCE1AFB9204008FA782 /* Resources */ = {
			isa = PBXResourcesBuildPhase;
			buildActionMask = 2147483647;
			files = (
				27D288111DD085440020EEAA /* DummyData.json in Resources */,
				27C07CE41E3672450058661B /* MoPubNativeAdCell.xib in Resources */,
				27043CFE1E25352B00DFC1B4 /* CustomAd.xib in Resources */,
				27DD16251D8ED5A100B31C6A /* LaunchScreen.xib in Resources */,
				27DD16281D8ED5A100B31C6A /* Main.storyboard in Resources */,
				27DD16081D8ED10C00B31C6A /* Images.xcassets in Resources */,
				27DD162C1D8ED5B100B31C6A /* Info.plist in Resources */,
				3AC20D681E36541C004A448E /* Logo_Pocketmedia_horizontal_white.png in Resources */,
			);
			runOnlyForDeploymentPostprocessing = 0;
		};
/* End PBXResourcesBuildPhase section */

/* Begin PBXShellScriptBuildPhase section */
		85ED3F02AE681DFBEEE12D29 /* [CP] Copy Pods Resources */ = {
			isa = PBXShellScriptBuildPhase;
			buildActionMask = 2147483647;
			files = (
			);
			inputPaths = (
			);
			name = "[CP] Copy Pods Resources";
			outputPaths = (
			);
			runOnlyForDeploymentPostprocessing = 0;
			shellPath = /bin/sh;
			shellScript = "\"${SRCROOT}/Pods/Target Support Files/Pods-PocketMediaNativeAdsExample/Pods-PocketMediaNativeAdsExample-resources.sh\"\n";
			showEnvVarsInLog = 0;
		};
		A7743CE655DC9441A3AF3CAA /* [CP] Embed Pods Frameworks */ = {
			isa = PBXShellScriptBuildPhase;
			buildActionMask = 2147483647;
			files = (
			);
			inputPaths = (
			);
			name = "[CP] Embed Pods Frameworks";
			outputPaths = (
			);
			runOnlyForDeploymentPostprocessing = 0;
			shellPath = /bin/sh;
			shellScript = "\"${SRCROOT}/Pods/Target Support Files/Pods-PocketMediaNativeAdsExample/Pods-PocketMediaNativeAdsExample-frameworks.sh\"\n";
			showEnvVarsInLog = 0;
		};
		EC9E9AB05143E704796E9FB0 /* [CP] Check Pods Manifest.lock */ = {
			isa = PBXShellScriptBuildPhase;
			buildActionMask = 2147483647;
			files = (
			);
			inputPaths = (
			);
			name = "[CP] Check Pods Manifest.lock";
			outputPaths = (
			);
			runOnlyForDeploymentPostprocessing = 0;
			shellPath = /bin/sh;
			shellScript = "diff \"${PODS_ROOT}/../Podfile.lock\" \"${PODS_ROOT}/Manifest.lock\" > /dev/null\nif [ $? != 0 ] ; then\n    # print error to STDERR\n    echo \"error: The sandbox is not in sync with the Podfile.lock. Run 'pod install' or update your CocoaPods installation.\" >&2\n    exit 1\nfi\n";
			showEnvVarsInLog = 0;
		};
/* End PBXShellScriptBuildPhase section */

/* Begin PBXSourcesBuildPhase section */
		607FACCC1AFB9204008FA782 /* Sources */ = {
			isa = PBXSourcesBuildPhase;
			buildActionMask = 2147483647;
			files = (
				272B90141E2388770016A8D9 /* CustomIntegrationViewController.swift in Sources */,
				27043D011E25453700DFC1B4 /* AboutUsViewController.swift in Sources */,
				27F1E2D81E20018200297D5F /* TabBarController.swift in Sources */,
				2738F2AF1DD0D27D00779073 /* CollectionItemCell.swift in Sources */,
				2756E9781E3637A700209EAE /* PMMoPubNativeAdAdapter.swift in Sources */,
				2756E97A1E3637D700209EAE /* PMMoPubNativeCustomEvent.swift in Sources */,
				27B866291E23AA0B0000FE3D /* ItemCell.swift in Sources */,
				2756E9711E36342000209EAE /* MoPubTableViewController.swift in Sources */,
				2738F2B11DD0D27D00779073 /* ExampleTableViewDataSource.swift in Sources */,
				2738F2B21DD0D27D00779073 /* TableViewController.swift in Sources */,
				2738F2B31DD0D27D00779073 /* TableViewWithSectionsController.swift in Sources */,
				2738F2B41DD0D27D00779073 /* ExampleTableViewDataSourceWithSections.swift in Sources */,
				2738F2B51DD0D27D00779073 /* AppDelegate.swift in Sources */,
				27043CFD1E25352B00DFC1B4 /* CustomAd.swift in Sources */,
				27B866251E23A9360000FE3D /* ItemTableModel.swift in Sources */,
				2756E9741E36363200209EAE /* MoPubNativeAdCell.swift in Sources */,
				27066B911E23AE3000989475 /* CollectionViewController.swift in Sources */,
			);
			runOnlyForDeploymentPostprocessing = 0;
		};
/* End PBXSourcesBuildPhase section */

/* Begin XCBuildConfiguration section */
		607FACED1AFB9204008FA782 /* Debug */ = {
			isa = XCBuildConfiguration;
			buildSettings = {
				ALWAYS_SEARCH_USER_PATHS = NO;
				CLANG_CXX_LANGUAGE_STANDARD = "gnu++0x";
				CLANG_CXX_LIBRARY = "libc++";
				CLANG_ENABLE_MODULES = YES;
				CLANG_ENABLE_OBJC_ARC = YES;
				CLANG_WARN_BOOL_CONVERSION = YES;
				CLANG_WARN_CONSTANT_CONVERSION = YES;
				CLANG_WARN_DIRECT_OBJC_ISA_USAGE = YES_ERROR;
				CLANG_WARN_EMPTY_BODY = YES;
				CLANG_WARN_ENUM_CONVERSION = YES;
				CLANG_WARN_INFINITE_RECURSION = YES;
				CLANG_WARN_INT_CONVERSION = YES;
				CLANG_WARN_OBJC_ROOT_CLASS = YES_ERROR;
				CLANG_WARN_SUSPICIOUS_MOVE = YES;
				CLANG_WARN_UNREACHABLE_CODE = YES;
				CLANG_WARN__DUPLICATE_METHOD_MATCH = YES;
				CODE_SIGN_IDENTITY = "iPhone Developer";
				"CODE_SIGN_IDENTITY[sdk=iphoneos*]" = "iPhone Developer";
				COPY_PHASE_STRIP = NO;
				DEBUG_INFORMATION_FORMAT = "dwarf-with-dsym";
				ENABLE_STRICT_OBJC_MSGSEND = YES;
				ENABLE_TESTABILITY = YES;
				GCC_C_LANGUAGE_STANDARD = gnu99;
				GCC_DYNAMIC_NO_PIC = NO;
				GCC_NO_COMMON_BLOCKS = YES;
				GCC_OPTIMIZATION_LEVEL = 0;
				GCC_PREPROCESSOR_DEFINITIONS = (
					"DEBUG=1",
					"$(inherited)",
				);
				GCC_SYMBOLS_PRIVATE_EXTERN = NO;
				GCC_WARN_64_TO_32_BIT_CONVERSION = YES;
				GCC_WARN_ABOUT_RETURN_TYPE = YES_ERROR;
				GCC_WARN_UNDECLARED_SELECTOR = YES;
				GCC_WARN_UNINITIALIZED_AUTOS = YES_AGGRESSIVE;
				GCC_WARN_UNUSED_FUNCTION = YES;
				GCC_WARN_UNUSED_VARIABLE = YES;
				IPHONEOS_DEPLOYMENT_TARGET = 8.4;
				LD_RUNPATH_SEARCH_PATHS = "$(inherited) @loader_path/Frameworks @executable_path/Frameworks";
				MACH_O_TYPE = mh_execute;
				MTL_ENABLE_DEBUG_INFO = YES;
				ONLY_ACTIVE_ARCH = YES;
				OTHER_LDFLAGS = (
					"-framework",
					"\"PocketMediaNativeAds\"",
				);
				SDKROOT = iphoneos;
				SWIFT_OPTIMIZATION_LEVEL = "-Onone";
				SWIFT_VERSION = 2.3;
			};
			name = Debug;
		};
		607FACEE1AFB9204008FA782 /* Release */ = {
			isa = XCBuildConfiguration;
			buildSettings = {
				ALWAYS_SEARCH_USER_PATHS = NO;
				CLANG_CXX_LANGUAGE_STANDARD = "gnu++0x";
				CLANG_CXX_LIBRARY = "libc++";
				CLANG_ENABLE_MODULES = YES;
				CLANG_ENABLE_OBJC_ARC = YES;
				CLANG_WARN_BOOL_CONVERSION = YES;
				CLANG_WARN_CONSTANT_CONVERSION = YES;
				CLANG_WARN_DIRECT_OBJC_ISA_USAGE = YES_ERROR;
				CLANG_WARN_EMPTY_BODY = YES;
				CLANG_WARN_ENUM_CONVERSION = YES;
				CLANG_WARN_INFINITE_RECURSION = YES;
				CLANG_WARN_INT_CONVERSION = YES;
				CLANG_WARN_OBJC_ROOT_CLASS = YES_ERROR;
				CLANG_WARN_SUSPICIOUS_MOVE = YES;
				CLANG_WARN_UNREACHABLE_CODE = YES;
				CLANG_WARN__DUPLICATE_METHOD_MATCH = YES;
				CODE_SIGN_IDENTITY = "iPhone Developer";
				"CODE_SIGN_IDENTITY[sdk=iphoneos*]" = "iPhone Developer";
				COPY_PHASE_STRIP = NO;
				DEBUG_INFORMATION_FORMAT = "dwarf-with-dsym";
				ENABLE_NS_ASSERTIONS = NO;
				ENABLE_STRICT_OBJC_MSGSEND = YES;
				GCC_C_LANGUAGE_STANDARD = gnu99;
				GCC_NO_COMMON_BLOCKS = YES;
				GCC_WARN_64_TO_32_BIT_CONVERSION = YES;
				GCC_WARN_ABOUT_RETURN_TYPE = YES_ERROR;
				GCC_WARN_UNDECLARED_SELECTOR = YES;
				GCC_WARN_UNINITIALIZED_AUTOS = YES_AGGRESSIVE;
				GCC_WARN_UNUSED_FUNCTION = YES;
				GCC_WARN_UNUSED_VARIABLE = YES;
				IPHONEOS_DEPLOYMENT_TARGET = 8.4;
				LD_RUNPATH_SEARCH_PATHS = "$(inherited) @loader_path/Frameworks @executable_path/Frameworks";
				MACH_O_TYPE = mh_execute;
				MTL_ENABLE_DEBUG_INFO = NO;
				OTHER_LDFLAGS = (
					"-framework",
					"\"PocketMediaNativeAds\"",
				);
				SDKROOT = iphoneos;
				SWIFT_OPTIMIZATION_LEVEL = "-Owholemodule";
				SWIFT_VERSION = 2.3;
				VALIDATE_PRODUCT = YES;
			};
			name = Release;
		};
		607FACF01AFB9204008FA782 /* Debug */ = {
			isa = XCBuildConfiguration;
			baseConfigurationReference = C37754EA463A727C61BAD5AF /* Pods-PocketMediaNativeAdsExample.debug.xcconfig */;
			buildSettings = {
				ALWAYS_SEARCH_USER_PATHS = NO;
				ASSETCATALOG_COMPILER_APPICON_NAME = AppIcon;
				ASSETCATALOG_COMPILER_LAUNCHIMAGE_NAME = "";
				CLANG_ENABLE_MODULES = YES;
				CODE_SIGN_IDENTITY = "iPhone Developer";
				"CODE_SIGN_IDENTITY[sdk=iphoneos*]" = "iPhone Developer";
				DEVELOPMENT_TEAM = L7E3AY2W7R;
				FRAMEWORK_SEARCH_PATHS = "$(inherited)";
				GCC_OPTIMIZATION_LEVEL = fast;
				INFOPLIST_FILE = PocketMediaNativeAds/Info.plist;
				IPHONEOS_DEPLOYMENT_TARGET = 9.3;
				LD_RUNPATH_SEARCH_PATHS = "$(inherited) @executable_path/Frameworks";
				MODULE_NAME = ExampleApp;
				PRODUCT_BUNDLE_IDENTIFIER = "org.cocoapods.demo.$(PRODUCT_NAME:rfc1034identifier)";
				PRODUCT_NAME = PocketMediaNativeAdsExample_Example;
				PROVISIONING_PROFILE = "";
				SWIFT_OPTIMIZATION_LEVEL = "-Onone";
				SWIFT_VERSION = 3.0.1;
			};
			name = Debug;
		};
		607FACF11AFB9204008FA782 /* Release */ = {
			isa = XCBuildConfiguration;
			baseConfigurationReference = F397DEFC5C14233311E47772 /* Pods-PocketMediaNativeAdsExample.release.xcconfig */;
			buildSettings = {
				ALWAYS_SEARCH_USER_PATHS = NO;
				ASSETCATALOG_COMPILER_APPICON_NAME = AppIcon;
				ASSETCATALOG_COMPILER_LAUNCHIMAGE_NAME = "";
				CLANG_ENABLE_MODULES = YES;
				CODE_SIGN_IDENTITY = "iPhone Developer";
				"CODE_SIGN_IDENTITY[sdk=iphoneos*]" = "iPhone Developer";
				DEVELOPMENT_TEAM = L7E3AY2W7R;
				FRAMEWORK_SEARCH_PATHS = (
					"$(inherited)",
					"$(PROJECT_DIR)/build/Debug-iphoneos",
					"\"$PODS_CONFIGURATION_BUILD_DIR/PocketMediaNativeAds\"",
				);
				GCC_OPTIMIZATION_LEVEL = fast;
				INFOPLIST_FILE = PocketMediaNativeAds/Info.plist;
				IPHONEOS_DEPLOYMENT_TARGET = 9.3;
				LD_RUNPATH_SEARCH_PATHS = "$(inherited) @executable_path/Frameworks";
				MODULE_NAME = ExampleApp;
				PRODUCT_BUNDLE_IDENTIFIER = "org.cocoapods.demo.$(PRODUCT_NAME:rfc1034identifier)";
				PRODUCT_NAME = PocketMediaNativeAdsExample_Example;
				PROVISIONING_PROFILE = "";
				SWIFT_OPTIMIZATION_LEVEL = "-Onone";
				SWIFT_VERSION = 3.0.1;
			};
			name = Release;
		};
/* End XCBuildConfiguration section */

/* Begin XCConfigurationList section */
		607FACCB1AFB9204008FA782 /* Build configuration list for PBXProject "PocketMediaNativeAdsExample" */ = {
			isa = XCConfigurationList;
			buildConfigurations = (
				607FACED1AFB9204008FA782 /* Debug */,
				607FACEE1AFB9204008FA782 /* Release */,
			);
			defaultConfigurationIsVisible = 0;
			defaultConfigurationName = Release;
		};
		607FACEF1AFB9204008FA782 /* Build configuration list for PBXNativeTarget "PocketMediaNativeAdsExample" */ = {
			isa = XCConfigurationList;
			buildConfigurations = (
				607FACF01AFB9204008FA782 /* Debug */,
				607FACF11AFB9204008FA782 /* Release */,
			);
			defaultConfigurationIsVisible = 0;
			defaultConfigurationName = Release;
		};
/* End XCConfigurationList section */
	};
	rootObject = 607FACC81AFB9204008FA782 /* Project object */;
}
