PODS:
  - Alamofire (3.4.0)
  - AlamofireImage (2.4.0):
    - Alamofire (~> 3.3)
  - HanekeSwift (0.10.1)
  - PocketMediaNativeAds (0.2.1):
    - AlamofireImage
    - HanekeSwift

DEPENDENCIES:
  - HanekeSwift
  - PocketMediaNativeAds (from `../`)

EXTERNAL SOURCES:
  PocketMediaNativeAds:
    :path: "../"

SPEC CHECKSUMS:
  Alamofire: c19a627cefd6a95f840401c49ab1f124e07f54ee
  AlamofireImage: 87408b652e0f5ae5fe364035f15aea8b9b24c77e
  HanekeSwift: 08e47d3d0f2899ec58e5d257beba0de619aca9e8
  PocketMediaNativeAds: 2d81322e7dd15289d2564c0f2f876a39ad0a3176

PODFILE CHECKSUM: 49e485ebceb38e5e2142cbce94faa157684d7f90

COCOAPODS: 1.0.1
