PODS:
  - PocketMediaNativeAds (0.2.0)

DEPENDENCIES:
  - PocketMediaNativeAds (from `../`)

EXTERNAL SOURCES:
  PocketMediaNativeAds:
    :path: "../"

SPEC CHECKSUMS:
  PocketMediaNativeAds: 0522d5c7750acb43ecba24a7468dde5bde6db2a4

PODFILE CHECKSUM: 3e452ba5ea442363567f524aa9c1f68033853198

COCOAPODS: 1.0.0.beta.4
