PODS:
  - Alamofire (3.4.0)
  - AlamofireImage (2.4.0):
    - Alamofire (~> 3.3)
  - PocketMediaNativeAds (0.2.1)

DEPENDENCIES:
  - AlamofireImage (~> 2.0)
  - PocketMediaNativeAds (from `../`)

EXTERNAL SOURCES:
  PocketMediaNativeAds:
    :path: "../"

SPEC CHECKSUMS:
  Alamofire: c19a627cefd6a95f840401c49ab1f124e07f54ee
  AlamofireImage: 87408b652e0f5ae5fe364035f15aea8b9b24c77e
  PocketMediaNativeAds: 2511414a077af9bed9770fabfbc74d76a37c44c8

PODFILE CHECKSUM: 34119ace23db63614215b53bb9feb47102be1aaf

COCOAPODS: 1.0.1
