// !$*UTF8*$!
{
	archiveVersion = 1;
	classes = {
	};
	objectVersion = 46;
	objects = {

/* Begin PBXBuildFile section */
		183C80B31CC6754D00FC55B3 /* ExampleTableViewDataSource.swift in Sources */ = {isa = PBXBuildFile; fileRef = 183C80B21CC6754D00FC55B3 /* ExampleTableViewDataSource.swift */; };
		185B1EAD1D17F853004BA7A4 /* CollectionViewController.swift in Sources */ = {isa = PBXBuildFile; fileRef = 185B1EAC1D17F853004BA7A4 /* CollectionViewController.swift */; };
		185B1EAF1D180372004BA7A4 /* CollectionAdCell.swift in Sources */ = {isa = PBXBuildFile; fileRef = 185B1EAE1D180372004BA7A4 /* CollectionAdCell.swift */; };
		187665411D12DFDC00554ED4 /* TestSupplied.xib in Resources */ = {isa = PBXBuildFile; fileRef = 187665401D12DFDC00554ED4 /* TestSupplied.xib */; };
		18A80D641D1AC22200041331 /* MenuViewController.swift in Sources */ = {isa = PBXBuildFile; fileRef = 18A80D631D1AC22200041331 /* MenuViewController.swift */; };
		18D62C731CCD6C3A0086175C /* PocketMediaNativeAds_ExampleTests.swift in Sources */ = {isa = PBXBuildFile; fileRef = 18D62C721CCD6C3A0086175C /* PocketMediaNativeAds_ExampleTests.swift */; };
		18D6EDD51C847F41004A5B9D /* close.png in Resources */ = {isa = PBXBuildFile; fileRef = 18D6EDD41C847F41004A5B9D /* close.png */; };
		18D6EDD71C8480AC004A5B9D /* Highlight-St.-Barts-Image.jpg in Resources */ = {isa = PBXBuildFile; fileRef = 18D6EDD61C8480AC004A5B9D /* Highlight-St.-Barts-Image.jpg */; };
		18E534441CD7601700E0B0B0 /* NativeAdsTableViewDataSourceMock.swift in Sources */ = {isa = PBXBuildFile; fileRef = 18E534431CD7601700E0B0B0 /* NativeAdsTableViewDataSourceMock.swift */; };
		3A75F26A1C3FF6CC00F81318 /* TableViewController.swift in Sources */ = {isa = PBXBuildFile; fileRef = 3A75F2691C3FF6CC00F81318 /* TableViewController.swift */; };
		3A75F26E1C3FF8A300F81318 /* DummyData.json in Resources */ = {isa = PBXBuildFile; fileRef = 3A75F26D1C3FF8A300F81318 /* DummyData.json */; };
		3A75F2731C3FFA7B00F81318 /* AdCell.swift in Sources */ = {isa = PBXBuildFile; fileRef = 3A75F2701C3FFA7B00F81318 /* AdCell.swift */; };
		3A75F2741C3FFA7B00F81318 /* ItemCell.swift in Sources */ = {isa = PBXBuildFile; fileRef = 3A75F2711C3FFA7B00F81318 /* ItemCell.swift */; };
		3A75F2751C3FFA7B00F81318 /* ItemTableView.swift in Sources */ = {isa = PBXBuildFile; fileRef = 3A75F2721C3FFA7B00F81318 /* ItemTableView.swift */; };
		3AF66C1B1C6802A300913C04 /* CHANGELOG.md in Sources */ = {isa = PBXBuildFile; fileRef = 3AF66C1A1C6802A300913C04 /* CHANGELOG.md */; };
		607FACD61AFB9204008FA782 /* AppDelegate.swift in Sources */ = {isa = PBXBuildFile; fileRef = 607FACD51AFB9204008FA782 /* AppDelegate.swift */; };
		607FACDB1AFB9204008FA782 /* Main.storyboard in Resources */ = {isa = PBXBuildFile; fileRef = 607FACD91AFB9204008FA782 /* Main.storyboard */; };
		607FACDD1AFB9204008FA782 /* Images.xcassets in Resources */ = {isa = PBXBuildFile; fileRef = 607FACDC1AFB9204008FA782 /* Images.xcassets */; };
		607FACE01AFB9204008FA782 /* LaunchScreen.xib in Resources */ = {isa = PBXBuildFile; fileRef = 607FACDE1AFB9204008FA782 /* LaunchScreen.xib */; };
		91243A2DA8E818D52AAA3CF5 /* Pods_PocketMediaNativeAds_ExampleTests.framework in Frameworks */ = {isa = PBXBuildFile; fileRef = C2B8BFD25788EB87C9FA13B9 /* Pods_PocketMediaNativeAds_ExampleTests.framework */; };
		D7D7C1EBE486B1F0D2FD4550 /* Pods_PocketMediaNativeAds_Example.framework in Frameworks */ = {isa = PBXBuildFile; fileRef = AD61347C51ABA5F85596A22C /* Pods_PocketMediaNativeAds_Example.framework */; };
/* End PBXBuildFile section */

/* Begin PBXContainerItemProxy section */
		18D62C751CCD6C3A0086175C /* PBXContainerItemProxy */ = {
			isa = PBXContainerItemProxy;
			containerPortal = 607FACC81AFB9204008FA782 /* Project object */;
			proxyType = 1;
			remoteGlobalIDString = 607FACCF1AFB9204008FA782;
			remoteInfo = PocketMediaNativeAds_Example;
		};
		607FACE61AFB9204008FA782 /* PBXContainerItemProxy */ = {
			isa = PBXContainerItemProxy;
			containerPortal = 607FACC81AFB9204008FA782 /* Project object */;
			proxyType = 1;
			remoteGlobalIDString = 607FACCF1AFB9204008FA782;
			remoteInfo = PocketMediaNativeAds;
		};
/* End PBXContainerItemProxy section */

/* Begin PBXFileReference section */
		058EEE27CA345A751A7FE3B5 /* PocketMediaNativeAds.podspec */ = {isa = PBXFileReference; includeInIndex = 1; lastKnownFileType = text; name = PocketMediaNativeAds.podspec; path = ../PocketMediaNativeAds.podspec; sourceTree = "<group>"; };
		0D93340C2C8E131E7AB1CB4F /* Pods-PocketMediaNativeAds_Example.release.xcconfig */ = {isa = PBXFileReference; includeInIndex = 1; lastKnownFileType = text.xcconfig; name = "Pods-PocketMediaNativeAds_Example.release.xcconfig"; path = "Pods/Target Support Files/Pods-PocketMediaNativeAds_Example/Pods-PocketMediaNativeAds_Example.release.xcconfig"; sourceTree = "<group>"; };
		183C80B21CC6754D00FC55B3 /* ExampleTableViewDataSource.swift */ = {isa = PBXFileReference; fileEncoding = 4; lastKnownFileType = sourcecode.swift; path = ExampleTableViewDataSource.swift; sourceTree = "<group>"; };
		185B1EAC1D17F853004BA7A4 /* CollectionViewController.swift */ = {isa = PBXFileReference; fileEncoding = 4; lastKnownFileType = sourcecode.swift; path = CollectionViewController.swift; sourceTree = "<group>"; };
		185B1EAE1D180372004BA7A4 /* CollectionAdCell.swift */ = {isa = PBXFileReference; fileEncoding = 4; lastKnownFileType = sourcecode.swift; path = CollectionAdCell.swift; sourceTree = "<group>"; };
		187665401D12DFDC00554ED4 /* TestSupplied.xib */ = {isa = PBXFileReference; fileEncoding = 4; lastKnownFileType = file.xib; path = TestSupplied.xib; sourceTree = "<group>"; };
		18A80D631D1AC22200041331 /* MenuViewController.swift */ = {isa = PBXFileReference; fileEncoding = 4; lastKnownFileType = sourcecode.swift; path = MenuViewController.swift; sourceTree = "<group>"; };
		18D62C701CCD6C3A0086175C /* PocketMediaNativeAds_ExampleTests.xctest */ = {isa = PBXFileReference; explicitFileType = wrapper.cfbundle; includeInIndex = 0; path = PocketMediaNativeAds_ExampleTests.xctest; sourceTree = BUILT_PRODUCTS_DIR; };
		18D62C721CCD6C3A0086175C /* PocketMediaNativeAds_ExampleTests.swift */ = {isa = PBXFileReference; lastKnownFileType = sourcecode.swift; path = PocketMediaNativeAds_ExampleTests.swift; sourceTree = "<group>"; };
		18D62C741CCD6C3A0086175C /* Info.plist */ = {isa = PBXFileReference; lastKnownFileType = text.plist.xml; path = Info.plist; sourceTree = "<group>"; };
		18D6EDD41C847F41004A5B9D /* close.png */ = {isa = PBXFileReference; lastKnownFileType = image.png; path = close.png; sourceTree = "<group>"; };
		18D6EDD61C8480AC004A5B9D /* Highlight-St.-Barts-Image.jpg */ = {isa = PBXFileReference; lastKnownFileType = image.jpeg; path = "Highlight-St.-Barts-Image.jpg"; sourceTree = "<group>"; };
		18E534431CD7601700E0B0B0 /* NativeAdsTableViewDataSourceMock.swift */ = {isa = PBXFileReference; fileEncoding = 4; lastKnownFileType = sourcecode.swift; path = NativeAdsTableViewDataSourceMock.swift; sourceTree = "<group>"; };
		2B2AACEBEFE9FE77EE22B0D9 /* Pods-PocketMediaNativeAds_Example.debug.xcconfig */ = {isa = PBXFileReference; includeInIndex = 1; lastKnownFileType = text.xcconfig; name = "Pods-PocketMediaNativeAds_Example.debug.xcconfig"; path = "Pods/Target Support Files/Pods-PocketMediaNativeAds_Example/Pods-PocketMediaNativeAds_Example.debug.xcconfig"; sourceTree = "<group>"; };
		3A75F2691C3FF6CC00F81318 /* TableViewController.swift */ = {isa = PBXFileReference; fileEncoding = 4; lastKnownFileType = sourcecode.swift; path = TableViewController.swift; sourceTree = "<group>"; };
		3A75F26D1C3FF8A300F81318 /* DummyData.json */ = {isa = PBXFileReference; fileEncoding = 4; lastKnownFileType = text.json; path = DummyData.json; sourceTree = "<group>"; };
		3A75F2701C3FFA7B00F81318 /* AdCell.swift */ = {isa = PBXFileReference; fileEncoding = 4; lastKnownFileType = sourcecode.swift; path = AdCell.swift; sourceTree = "<group>"; };
		3A75F2711C3FFA7B00F81318 /* ItemCell.swift */ = {isa = PBXFileReference; fileEncoding = 4; lastKnownFileType = sourcecode.swift; path = ItemCell.swift; sourceTree = "<group>"; };
		3A75F2721C3FFA7B00F81318 /* ItemTableView.swift */ = {isa = PBXFileReference; fileEncoding = 4; lastKnownFileType = sourcecode.swift; path = ItemTableView.swift; sourceTree = "<group>"; };
		3AF66C1A1C6802A300913C04 /* CHANGELOG.md */ = {isa = PBXFileReference; fileEncoding = 4; lastKnownFileType = net.daringfireball.markdown; name = CHANGELOG.md; path = ../CHANGELOG.md; sourceTree = "<group>"; };
		44BE49B0E6D8F96E6500AB62 /* LICENSE */ = {isa = PBXFileReference; includeInIndex = 1; lastKnownFileType = text; name = LICENSE; path = ../LICENSE; sourceTree = "<group>"; };
		607FACD01AFB9204008FA782 /* PocketMediaNativeAds_Example.app */ = {isa = PBXFileReference; explicitFileType = wrapper.application; includeInIndex = 0; path = PocketMediaNativeAds_Example.app; sourceTree = BUILT_PRODUCTS_DIR; };
		607FACD41AFB9204008FA782 /* Info.plist */ = {isa = PBXFileReference; lastKnownFileType = text.plist.xml; path = Info.plist; sourceTree = "<group>"; };
		607FACD51AFB9204008FA782 /* AppDelegate.swift */ = {isa = PBXFileReference; lastKnownFileType = sourcecode.swift; path = AppDelegate.swift; sourceTree = "<group>"; };
		607FACDA1AFB9204008FA782 /* Base */ = {isa = PBXFileReference; lastKnownFileType = file.storyboard; name = Base; path = Base.lproj/Main.storyboard; sourceTree = "<group>"; };
		607FACDC1AFB9204008FA782 /* Images.xcassets */ = {isa = PBXFileReference; lastKnownFileType = folder.assetcatalog; path = Images.xcassets; sourceTree = "<group>"; };
		607FACDF1AFB9204008FA782 /* Base */ = {isa = PBXFileReference; lastKnownFileType = file.xib; name = Base; path = Base.lproj/LaunchScreen.xib; sourceTree = "<group>"; };
		607FACE51AFB9204008FA782 /* PocketMediaNativeAds_Tests.xctest */ = {isa = PBXFileReference; explicitFileType = wrapper.cfbundle; includeInIndex = 0; path = PocketMediaNativeAds_Tests.xctest; sourceTree = BUILT_PRODUCTS_DIR; };
		6918C1C734ED7A43A3DFB863 /* Pods-PocketMediaNativeAds_ExampleTests.release.xcconfig */ = {isa = PBXFileReference; includeInIndex = 1; lastKnownFileType = text.xcconfig; name = "Pods-PocketMediaNativeAds_ExampleTests.release.xcconfig"; path = "Pods/Target Support Files/Pods-PocketMediaNativeAds_ExampleTests/Pods-PocketMediaNativeAds_ExampleTests.release.xcconfig"; sourceTree = "<group>"; };
		ACED9689FFF212CC96163F5B /* Pods_PocketMediaNativeAds_Tests.framework */ = {isa = PBXFileReference; explicitFileType = wrapper.framework; includeInIndex = 0; path = Pods_PocketMediaNativeAds_Tests.framework; sourceTree = BUILT_PRODUCTS_DIR; };
		AD61347C51ABA5F85596A22C /* Pods_PocketMediaNativeAds_Example.framework */ = {isa = PBXFileReference; explicitFileType = wrapper.framework; includeInIndex = 0; path = Pods_PocketMediaNativeAds_Example.framework; sourceTree = BUILT_PRODUCTS_DIR; };
		C2B8BFD25788EB87C9FA13B9 /* Pods_PocketMediaNativeAds_ExampleTests.framework */ = {isa = PBXFileReference; explicitFileType = wrapper.framework; includeInIndex = 0; path = Pods_PocketMediaNativeAds_ExampleTests.framework; sourceTree = BUILT_PRODUCTS_DIR; };
		C3090BA6512EBAF4F04304E4 /* Pods-PocketMediaNativeAds_ExampleTests.debug.xcconfig */ = {isa = PBXFileReference; includeInIndex = 1; lastKnownFileType = text.xcconfig; name = "Pods-PocketMediaNativeAds_ExampleTests.debug.xcconfig"; path = "Pods/Target Support Files/Pods-PocketMediaNativeAds_ExampleTests/Pods-PocketMediaNativeAds_ExampleTests.debug.xcconfig"; sourceTree = "<group>"; };
		E068E3C236A822499D514E06 /* README.md */ = {isa = PBXFileReference; includeInIndex = 1; lastKnownFileType = net.daringfireball.markdown; name = README.md; path = ../README.md; sourceTree = "<group>"; };
/* End PBXFileReference section */

/* Begin PBXFrameworksBuildPhase section */
		18D62C6D1CCD6C3A0086175C /* Frameworks */ = {
			isa = PBXFrameworksBuildPhase;
			buildActionMask = 2147483647;
			files = (
				91243A2DA8E818D52AAA3CF5 /* Pods_PocketMediaNativeAds_ExampleTests.framework in Frameworks */,
			);
			runOnlyForDeploymentPostprocessing = 0;
		};
		607FACCD1AFB9204008FA782 /* Frameworks */ = {
			isa = PBXFrameworksBuildPhase;
			buildActionMask = 2147483647;
			files = (
				D7D7C1EBE486B1F0D2FD4550 /* Pods_PocketMediaNativeAds_Example.framework in Frameworks */,
			);
			runOnlyForDeploymentPostprocessing = 0;
		};
		607FACE21AFB9204008FA782 /* Frameworks */ = {
			isa = PBXFrameworksBuildPhase;
			buildActionMask = 2147483647;
			files = (
			);
			runOnlyForDeploymentPostprocessing = 0;
		};
/* End PBXFrameworksBuildPhase section */

/* Begin PBXGroup section */
		18A80D651D1ACB8100041331 /* TableView */ = {
			isa = PBXGroup;
			children = (
				3A75F2691C3FF6CC00F81318 /* TableViewController.swift */,
				183C80B21CC6754D00FC55B3 /* ExampleTableViewDataSource.swift */,
			);
			name = TableView;
			sourceTree = "<group>";
		};
		18A80D661D1ACB8C00041331 /* CollectionView */ = {
			isa = PBXGroup;
			children = (
				185B1EAC1D17F853004BA7A4 /* CollectionViewController.swift */,
				185B1EAE1D180372004BA7A4 /* CollectionAdCell.swift */,
			);
			name = CollectionView;
			sourceTree = "<group>";
		};
		18A80D671D1ACB9800041331 /* Menu */ = {
			isa = PBXGroup;
			children = (
				3A75F26F1C3FFA7200F81318 /* Views */,
				18A80D631D1AC22200041331 /* MenuViewController.swift */,
			);
			name = Menu;
			sourceTree = "<group>";
		};
		18D62C711CCD6C3A0086175C /* PocketMediaNativeAds_ExampleTests */ = {
			isa = PBXGroup;
			children = (
				18D62C721CCD6C3A0086175C /* PocketMediaNativeAds_ExampleTests.swift */,
				18D62C741CCD6C3A0086175C /* Info.plist */,
				18E534431CD7601700E0B0B0 /* NativeAdsTableViewDataSourceMock.swift */,
			);
			path = PocketMediaNativeAds_ExampleTests;
			sourceTree = "<group>";
		};
		23FF5FD8FB9E3525E7CACD61 /* Frameworks */ = {
			isa = PBXGroup;
			children = (
				AD61347C51ABA5F85596A22C /* Pods_PocketMediaNativeAds_Example.framework */,
				ACED9689FFF212CC96163F5B /* Pods_PocketMediaNativeAds_Tests.framework */,
				C2B8BFD25788EB87C9FA13B9 /* Pods_PocketMediaNativeAds_ExampleTests.framework */,
			);
			name = Frameworks;
			sourceTree = "<group>";
		};
		3A75F26F1C3FFA7200F81318 /* Views */ = {
			isa = PBXGroup;
			children = (
				3A75F2721C3FFA7B00F81318 /* ItemTableView.swift */,
				3A75F2701C3FFA7B00F81318 /* AdCell.swift */,
				3A75F2711C3FFA7B00F81318 /* ItemCell.swift */,
			);
			name = Views;
			sourceTree = "<group>";
		};
		47262D97947BB10EFAB58B67 /* Pods */ = {
			isa = PBXGroup;
			children = (
				607FACD31AFB9204008FA782 /* Supporting Files */,
				2B2AACEBEFE9FE77EE22B0D9 /* Pods-PocketMediaNativeAds_Example.debug.xcconfig */,
				0D93340C2C8E131E7AB1CB4F /* Pods-PocketMediaNativeAds_Example.release.xcconfig */,
				C3090BA6512EBAF4F04304E4 /* Pods-PocketMediaNativeAds_ExampleTests.debug.xcconfig */,
				6918C1C734ED7A43A3DFB863 /* Pods-PocketMediaNativeAds_ExampleTests.release.xcconfig */,
			);
			name = Pods;
			sourceTree = "<group>";
		};
		607FACC71AFB9204008FA782 = {
			isa = PBXGroup;
			children = (
				607FACF51AFB993E008FA782 /* Podspec Metadata */,
				607FACD21AFB9204008FA782 /* Example for PocketMediaNativeAds */,
				18D62C711CCD6C3A0086175C /* PocketMediaNativeAds_ExampleTests */,
				607FACD11AFB9204008FA782 /* Products */,
				47262D97947BB10EFAB58B67 /* Pods */,
				23FF5FD8FB9E3525E7CACD61 /* Frameworks */,
			);
			sourceTree = "<group>";
		};
		607FACD11AFB9204008FA782 /* Products */ = {
			isa = PBXGroup;
			children = (
				607FACD01AFB9204008FA782 /* PocketMediaNativeAds_Example.app */,
				607FACE51AFB9204008FA782 /* PocketMediaNativeAds_Tests.xctest */,
				18D62C701CCD6C3A0086175C /* PocketMediaNativeAds_ExampleTests.xctest */,
			);
			name = Products;
			sourceTree = "<group>";
		};
		607FACD21AFB9204008FA782 /* Example for PocketMediaNativeAds */ = {
			isa = PBXGroup;
			children = (
				18A80D671D1ACB9800041331 /* Menu */,
				18A80D661D1ACB8C00041331 /* CollectionView */,
				18A80D651D1ACB8100041331 /* TableView */,
				3A75F26D1C3FF8A300F81318 /* DummyData.json */,
				607FACD51AFB9204008FA782 /* AppDelegate.swift */,
				607FACD91AFB9204008FA782 /* Main.storyboard */,
				607FACDC1AFB9204008FA782 /* Images.xcassets */,
				18D6EDD61C8480AC004A5B9D /* Highlight-St.-Barts-Image.jpg */,
				18D6EDD41C847F41004A5B9D /* close.png */,
				607FACDE1AFB9204008FA782 /* LaunchScreen.xib */,
				187665401D12DFDC00554ED4 /* TestSupplied.xib */,
			);
			name = "Example for PocketMediaNativeAds";
			path = PocketMediaNativeAds;
			sourceTree = "<group>";
		};
		607FACD31AFB9204008FA782 /* Supporting Files */ = {
			isa = PBXGroup;
			children = (
				607FACD41AFB9204008FA782 /* Info.plist */,
			);
			name = "Supporting Files";
			path = PocketMediaNativeAds;
			sourceTree = "<group>";
		};
		607FACF51AFB993E008FA782 /* Podspec Metadata */ = {
			isa = PBXGroup;
			children = (
				058EEE27CA345A751A7FE3B5 /* PocketMediaNativeAds.podspec */,
				3AF66C1A1C6802A300913C04 /* CHANGELOG.md */,
				E068E3C236A822499D514E06 /* README.md */,
				44BE49B0E6D8F96E6500AB62 /* LICENSE */,
			);
			name = "Podspec Metadata";
			sourceTree = "<group>";
		};
/* End PBXGroup section */

/* Begin PBXNativeTarget section */
		18D62C6F1CCD6C3A0086175C /* PocketMediaNativeAds_ExampleTests */ = {
			isa = PBXNativeTarget;
			buildConfigurationList = 18D62C791CCD6C3A0086175C /* Build configuration list for PBXNativeTarget "PocketMediaNativeAds_ExampleTests" */;
			buildPhases = (
				3D3B818BF4C759C0269109A6 /* Check Pods Manifest.lock */,
				18D62C6C1CCD6C3A0086175C /* Sources */,
				18D62C6D1CCD6C3A0086175C /* Frameworks */,
				18D62C6E1CCD6C3A0086175C /* Resources */,
				EC3B97AD88C02404B869C71C /* Embed Pods Frameworks */,
				5FA7C1F6FF9FB8AC15030D2C /* Copy Pods Resources */,
			);
			buildRules = (
			);
			dependencies = (
				18D62C761CCD6C3A0086175C /* PBXTargetDependency */,
			);
			name = PocketMediaNativeAds_ExampleTests;
			productName = PocketMediaNativeAds_ExampleTests;
			productReference = 18D62C701CCD6C3A0086175C /* PocketMediaNativeAds_ExampleTests.xctest */;
			productType = "com.apple.product-type.bundle.unit-test";
		};
		607FACCF1AFB9204008FA782 /* PocketMediaNativeAds_Example */ = {
			isa = PBXNativeTarget;
			buildConfigurationList = 607FACEF1AFB9204008FA782 /* Build configuration list for PBXNativeTarget "PocketMediaNativeAds_Example" */;
			buildPhases = (
				13A6EFB833148DA30E60EF02 /* Check Pods Manifest.lock */,
				607FACCC1AFB9204008FA782 /* Sources */,
				607FACCD1AFB9204008FA782 /* Frameworks */,
				607FACCE1AFB9204008FA782 /* Resources */,
				6ADF5E1DCBF1341CB3479782 /* Embed Pods Frameworks */,
				CEB91EF6B596F08EE0A865BB /* Copy Pods Resources */,
			);
			buildRules = (
			);
			dependencies = (
			);
			name = PocketMediaNativeAds_Example;
			productName = PocketMediaNativeAds;
			productReference = 607FACD01AFB9204008FA782 /* PocketMediaNativeAds_Example.app */;
			productType = "com.apple.product-type.application";
		};
		607FACE41AFB9204008FA782 /* PocketMediaNativeAds_Tests */ = {
			isa = PBXNativeTarget;
			buildConfigurationList = 607FACF21AFB9204008FA782 /* Build configuration list for PBXNativeTarget "PocketMediaNativeAds_Tests" */;
			buildPhases = (
				607FACE11AFB9204008FA782 /* Sources */,
				607FACE21AFB9204008FA782 /* Frameworks */,
				607FACE31AFB9204008FA782 /* Resources */,
			);
			buildRules = (
			);
			dependencies = (
				607FACE71AFB9204008FA782 /* PBXTargetDependency */,
			);
			name = PocketMediaNativeAds_Tests;
			productName = Tests;
			productReference = 607FACE51AFB9204008FA782 /* PocketMediaNativeAds_Tests.xctest */;
			productType = "com.apple.product-type.bundle.unit-test";
		};
/* End PBXNativeTarget section */

/* Begin PBXProject section */
		607FACC81AFB9204008FA782 /* Project object */ = {
			isa = PBXProject;
			attributes = {
				LastSwiftUpdateCheck = 0730;
				LastUpgradeCheck = 0720;
				ORGANIZATIONNAME = CocoaPods;
				TargetAttributes = {
					18D62C6F1CCD6C3A0086175C = {
						CreatedOnToolsVersion = 7.3;
						TestTargetID = 607FACCF1AFB9204008FA782;
					};
					607FACCF1AFB9204008FA782 = {
						CreatedOnToolsVersion = 6.3.1;
						DevelopmentTeam = L7E3AY2W7R;
					};
					607FACE41AFB9204008FA782 = {
						CreatedOnToolsVersion = 6.3.1;
						TestTargetID = 607FACCF1AFB9204008FA782;
					};
				};
			};
			buildConfigurationList = 607FACCB1AFB9204008FA782 /* Build configuration list for PBXProject "PocketMediaNativeAds" */;
			compatibilityVersion = "Xcode 3.2";
			developmentRegion = English;
			hasScannedForEncodings = 0;
			knownRegions = (
				en,
				Base,
			);
			mainGroup = 607FACC71AFB9204008FA782;
			productRefGroup = 607FACD11AFB9204008FA782 /* Products */;
			projectDirPath = "";
			projectRoot = "";
			targets = (
				607FACCF1AFB9204008FA782 /* PocketMediaNativeAds_Example */,
				607FACE41AFB9204008FA782 /* PocketMediaNativeAds_Tests */,
				18D62C6F1CCD6C3A0086175C /* PocketMediaNativeAds_ExampleTests */,
			);
		};
/* End PBXProject section */

/* Begin PBXResourcesBuildPhase section */
		18D62C6E1CCD6C3A0086175C /* Resources */ = {
			isa = PBXResourcesBuildPhase;
			buildActionMask = 2147483647;
			files = (
			);
			runOnlyForDeploymentPostprocessing = 0;
		};
		607FACCE1AFB9204008FA782 /* Resources */ = {
			isa = PBXResourcesBuildPhase;
			buildActionMask = 2147483647;
			files = (
				18D6EDD71C8480AC004A5B9D /* Highlight-St.-Barts-Image.jpg in Resources */,
				18D6EDD51C847F41004A5B9D /* close.png in Resources */,
				3A75F26E1C3FF8A300F81318 /* DummyData.json in Resources */,
				187665411D12DFDC00554ED4 /* TestSupplied.xib in Resources */,
				607FACDB1AFB9204008FA782 /* Main.storyboard in Resources */,
				607FACE01AFB9204008FA782 /* LaunchScreen.xib in Resources */,
				607FACDD1AFB9204008FA782 /* Images.xcassets in Resources */,
			);
			runOnlyForDeploymentPostprocessing = 0;
		};
		607FACE31AFB9204008FA782 /* Resources */ = {
			isa = PBXResourcesBuildPhase;
			buildActionMask = 2147483647;
			files = (
			);
			runOnlyForDeploymentPostprocessing = 0;
		};
/* End PBXResourcesBuildPhase section */

/* Begin PBXShellScriptBuildPhase section */
		13A6EFB833148DA30E60EF02 /* Check Pods Manifest.lock */ = {
			isa = PBXShellScriptBuildPhase;
			buildActionMask = 2147483647;
			files = (
			);
			inputPaths = (
			);
			name = "Check Pods Manifest.lock";
			outputPaths = (
			);
			runOnlyForDeploymentPostprocessing = 0;
			shellPath = /bin/sh;
			shellScript = "diff \"${PODS_ROOT}/../Podfile.lock\" \"${PODS_ROOT}/Manifest.lock\" > /dev/null\nif [[ $? != 0 ]] ; then\n    cat << EOM\nerror: The sandbox is not in sync with the Podfile.lock. Run 'pod install' or update your CocoaPods installation.\nEOM\n    exit 1\nfi\n";
			showEnvVarsInLog = 0;
		};
		3D3B818BF4C759C0269109A6 /* Check Pods Manifest.lock */ = {
			isa = PBXShellScriptBuildPhase;
			buildActionMask = 2147483647;
			files = (
			);
			inputPaths = (
			);
			name = "Check Pods Manifest.lock";
			outputPaths = (
			);
			runOnlyForDeploymentPostprocessing = 0;
			shellPath = /bin/sh;
			shellScript = "diff \"${PODS_ROOT}/../Podfile.lock\" \"${PODS_ROOT}/Manifest.lock\" > /dev/null\nif [[ $? != 0 ]] ; then\n    cat << EOM\nerror: The sandbox is not in sync with the Podfile.lock. Run 'pod install' or update your CocoaPods installation.\nEOM\n    exit 1\nfi\n";
			showEnvVarsInLog = 0;
		};
		5FA7C1F6FF9FB8AC15030D2C /* Copy Pods Resources */ = {
			isa = PBXShellScriptBuildPhase;
			buildActionMask = 2147483647;
			files = (
			);
			inputPaths = (
			);
			name = "Copy Pods Resources";
			outputPaths = (
			);
			runOnlyForDeploymentPostprocessing = 0;
			shellPath = /bin/sh;
			shellScript = "\"${SRCROOT}/Pods/Target Support Files/Pods-PocketMediaNativeAds_ExampleTests/Pods-PocketMediaNativeAds_ExampleTests-resources.sh\"\n";
			showEnvVarsInLog = 0;
		};
		6ADF5E1DCBF1341CB3479782 /* Embed Pods Frameworks */ = {
			isa = PBXShellScriptBuildPhase;
			buildActionMask = 2147483647;
			files = (
			);
			inputPaths = (
			);
			name = "Embed Pods Frameworks";
			outputPaths = (
			);
			runOnlyForDeploymentPostprocessing = 0;
			shellPath = /bin/sh;
			shellScript = "\"${SRCROOT}/Pods/Target Support Files/Pods-PocketMediaNativeAds_Example/Pods-PocketMediaNativeAds_Example-frameworks.sh\"\n";
			showEnvVarsInLog = 0;
		};
		CEB91EF6B596F08EE0A865BB /* Copy Pods Resources */ = {
			isa = PBXShellScriptBuildPhase;
			buildActionMask = 2147483647;
			files = (
			);
			inputPaths = (
			);
			name = "Copy Pods Resources";
			outputPaths = (
			);
			runOnlyForDeploymentPostprocessing = 0;
			shellPath = /bin/sh;
			shellScript = "\"${SRCROOT}/Pods/Target Support Files/Pods-PocketMediaNativeAds_Example/Pods-PocketMediaNativeAds_Example-resources.sh\"\n";
			showEnvVarsInLog = 0;
		};
		EC3B97AD88C02404B869C71C /* Embed Pods Frameworks */ = {
			isa = PBXShellScriptBuildPhase;
			buildActionMask = 2147483647;
			files = (
			);
			inputPaths = (
			);
			name = "Embed Pods Frameworks";
			outputPaths = (
			);
			runOnlyForDeploymentPostprocessing = 0;
			shellPath = /bin/sh;
			shellScript = "\"${SRCROOT}/Pods/Target Support Files/Pods-PocketMediaNativeAds_ExampleTests/Pods-PocketMediaNativeAds_ExampleTests-frameworks.sh\"\n";
			showEnvVarsInLog = 0;
		};
/* End PBXShellScriptBuildPhase section */

/* Begin PBXSourcesBuildPhase section */
		18D62C6C1CCD6C3A0086175C /* Sources */ = {
			isa = PBXSourcesBuildPhase;
			buildActionMask = 2147483647;
			files = (
				18E534441CD7601700E0B0B0 /* NativeAdsTableViewDataSourceMock.swift in Sources */,
				18D62C731CCD6C3A0086175C /* PocketMediaNativeAds_ExampleTests.swift in Sources */,
			);
			runOnlyForDeploymentPostprocessing = 0;
		};
		607FACCC1AFB9204008FA782 /* Sources */ = {
			isa = PBXSourcesBuildPhase;
			buildActionMask = 2147483647;
			files = (
				185B1EAF1D180372004BA7A4 /* CollectionAdCell.swift in Sources */,
				18A80D641D1AC22200041331 /* MenuViewController.swift in Sources */,
				3A75F2741C3FFA7B00F81318 /* ItemCell.swift in Sources */,
				3AF66C1B1C6802A300913C04 /* CHANGELOG.md in Sources */,
				183C80B31CC6754D00FC55B3 /* ExampleTableViewDataSource.swift in Sources */,
				3A75F2751C3FFA7B00F81318 /* ItemTableView.swift in Sources */,
				185B1EAD1D17F853004BA7A4 /* CollectionViewController.swift in Sources */,
				3A75F2731C3FFA7B00F81318 /* AdCell.swift in Sources */,
				3A75F26A1C3FF6CC00F81318 /* TableViewController.swift in Sources */,
				607FACD61AFB9204008FA782 /* AppDelegate.swift in Sources */,
			);
			runOnlyForDeploymentPostprocessing = 0;
		};
		607FACE11AFB9204008FA782 /* Sources */ = {
			isa = PBXSourcesBuildPhase;
			buildActionMask = 2147483647;
			files = (
			);
			runOnlyForDeploymentPostprocessing = 0;
		};
/* End PBXSourcesBuildPhase section */

/* Begin PBXTargetDependency section */
		18D62C761CCD6C3A0086175C /* PBXTargetDependency */ = {
			isa = PBXTargetDependency;
			target = 607FACCF1AFB9204008FA782 /* PocketMediaNativeAds_Example */;
			targetProxy = 18D62C751CCD6C3A0086175C /* PBXContainerItemProxy */;
		};
		607FACE71AFB9204008FA782 /* PBXTargetDependency */ = {
			isa = PBXTargetDependency;
			target = 607FACCF1AFB9204008FA782 /* PocketMediaNativeAds_Example */;
			targetProxy = 607FACE61AFB9204008FA782 /* PBXContainerItemProxy */;
		};
/* End PBXTargetDependency section */

/* Begin PBXVariantGroup section */
		607FACD91AFB9204008FA782 /* Main.storyboard */ = {
			isa = PBXVariantGroup;
			children = (
				607FACDA1AFB9204008FA782 /* Base */,
			);
			name = Main.storyboard;
			sourceTree = "<group>";
		};
		607FACDE1AFB9204008FA782 /* LaunchScreen.xib */ = {
			isa = PBXVariantGroup;
			children = (
				607FACDF1AFB9204008FA782 /* Base */,
			);
			name = LaunchScreen.xib;
			sourceTree = "<group>";
		};
/* End PBXVariantGroup section */

/* Begin XCBuildConfiguration section */
		18D62C771CCD6C3A0086175C /* Debug */ = {
			isa = XCBuildConfiguration;
			baseConfigurationReference = C3090BA6512EBAF4F04304E4 /* Pods-PocketMediaNativeAds_ExampleTests.debug.xcconfig */;
			buildSettings = {
				BUNDLE_LOADER = "$(TEST_HOST)";
				CLANG_ANALYZER_NONNULL = YES;
				DEBUG_INFORMATION_FORMAT = dwarf;
				INFOPLIST_FILE = PocketMediaNativeAds_ExampleTests/Info.plist;
				IPHONEOS_DEPLOYMENT_TARGET = 9.3;
				LD_RUNPATH_SEARCH_PATHS = "$(inherited) @executable_path/Frameworks @loader_path/Frameworks";
				PRODUCT_BUNDLE_IDENTIFIER = "pm.kb.PocketMediaNativeAds-ExampleTests";
				PRODUCT_NAME = "$(TARGET_NAME)";
				TEST_HOST = "$(BUILT_PRODUCTS_DIR)/PocketMediaNativeAds_Example.app/PocketMediaNativeAds_Example";
			};
			name = Debug;
		};
		18D62C781CCD6C3A0086175C /* Release */ = {
			isa = XCBuildConfiguration;
			baseConfigurationReference = 6918C1C734ED7A43A3DFB863 /* Pods-PocketMediaNativeAds_ExampleTests.release.xcconfig */;
			buildSettings = {
				BUNDLE_LOADER = "$(TEST_HOST)";
				CLANG_ANALYZER_NONNULL = YES;
				INFOPLIST_FILE = PocketMediaNativeAds_ExampleTests/Info.plist;
				IPHONEOS_DEPLOYMENT_TARGET = 9.3;
				LD_RUNPATH_SEARCH_PATHS = "$(inherited) @executable_path/Frameworks @loader_path/Frameworks";
				PRODUCT_BUNDLE_IDENTIFIER = "pm.kb.PocketMediaNativeAds-ExampleTests";
				PRODUCT_NAME = "$(TARGET_NAME)";
				TEST_HOST = "$(BUILT_PRODUCTS_DIR)/PocketMediaNativeAds_Example.app/PocketMediaNativeAds_Example";
			};
			name = Release;
		};
		607FACED1AFB9204008FA782 /* Debug */ = {
			isa = XCBuildConfiguration;
			buildSettings = {
				ALWAYS_SEARCH_USER_PATHS = NO;
				CLANG_CXX_LANGUAGE_STANDARD = "gnu++0x";
				CLANG_CXX_LIBRARY = "libc++";
				CLANG_ENABLE_MODULES = YES;
				CLANG_ENABLE_OBJC_ARC = YES;
				CLANG_WARN_BOOL_CONVERSION = YES;
				CLANG_WARN_CONSTANT_CONVERSION = YES;
				CLANG_WARN_DIRECT_OBJC_ISA_USAGE = YES_ERROR;
				CLANG_WARN_EMPTY_BODY = YES;
				CLANG_WARN_ENUM_CONVERSION = YES;
				CLANG_WARN_INT_CONVERSION = YES;
				CLANG_WARN_OBJC_ROOT_CLASS = YES_ERROR;
				CLANG_WARN_UNREACHABLE_CODE = YES;
				CLANG_WARN__DUPLICATE_METHOD_MATCH = YES;
				"CODE_SIGN_IDENTITY[sdk=iphoneos*]" = "iPhone Developer";
				COPY_PHASE_STRIP = NO;
				DEBUG_INFORMATION_FORMAT = "dwarf-with-dsym";
				ENABLE_STRICT_OBJC_MSGSEND = YES;
				ENABLE_TESTABILITY = YES;
				GCC_C_LANGUAGE_STANDARD = gnu99;
				GCC_DYNAMIC_NO_PIC = NO;
				GCC_NO_COMMON_BLOCKS = YES;
				GCC_OPTIMIZATION_LEVEL = 0;
				GCC_PREPROCESSOR_DEFINITIONS = (
					"DEBUG=1",
					"$(inherited)",
				);
				GCC_SYMBOLS_PRIVATE_EXTERN = NO;
				GCC_WARN_64_TO_32_BIT_CONVERSION = YES;
				GCC_WARN_ABOUT_RETURN_TYPE = YES_ERROR;
				GCC_WARN_UNDECLARED_SELECTOR = YES;
				GCC_WARN_UNINITIALIZED_AUTOS = YES_AGGRESSIVE;
				GCC_WARN_UNUSED_FUNCTION = YES;
				GCC_WARN_UNUSED_VARIABLE = YES;
				IPHONEOS_DEPLOYMENT_TARGET = 8.3;
				MTL_ENABLE_DEBUG_INFO = YES;
				ONLY_ACTIVE_ARCH = YES;
				SDKROOT = iphoneos;
				SWIFT_OPTIMIZATION_LEVEL = "-Onone";
			};
			name = Debug;
		};
		607FACEE1AFB9204008FA782 /* Release */ = {
			isa = XCBuildConfiguration;
			buildSettings = {
				ALWAYS_SEARCH_USER_PATHS = NO;
				CLANG_CXX_LANGUAGE_STANDARD = "gnu++0x";
				CLANG_CXX_LIBRARY = "libc++";
				CLANG_ENABLE_MODULES = YES;
				CLANG_ENABLE_OBJC_ARC = YES;
				CLANG_WARN_BOOL_CONVERSION = YES;
				CLANG_WARN_CONSTANT_CONVERSION = YES;
				CLANG_WARN_DIRECT_OBJC_ISA_USAGE = YES_ERROR;
				CLANG_WARN_EMPTY_BODY = YES;
				CLANG_WARN_ENUM_CONVERSION = YES;
				CLANG_WARN_INT_CONVERSION = YES;
				CLANG_WARN_OBJC_ROOT_CLASS = YES_ERROR;
				CLANG_WARN_UNREACHABLE_CODE = YES;
				CLANG_WARN__DUPLICATE_METHOD_MATCH = YES;
				"CODE_SIGN_IDENTITY[sdk=iphoneos*]" = "iPhone Developer";
				COPY_PHASE_STRIP = NO;
				DEBUG_INFORMATION_FORMAT = "dwarf-with-dsym";
				ENABLE_NS_ASSERTIONS = NO;
				ENABLE_STRICT_OBJC_MSGSEND = YES;
				GCC_C_LANGUAGE_STANDARD = gnu99;
				GCC_NO_COMMON_BLOCKS = YES;
				GCC_WARN_64_TO_32_BIT_CONVERSION = YES;
				GCC_WARN_ABOUT_RETURN_TYPE = YES_ERROR;
				GCC_WARN_UNDECLARED_SELECTOR = YES;
				GCC_WARN_UNINITIALIZED_AUTOS = YES_AGGRESSIVE;
				GCC_WARN_UNUSED_FUNCTION = YES;
				GCC_WARN_UNUSED_VARIABLE = YES;
				IPHONEOS_DEPLOYMENT_TARGET = 8.3;
				MTL_ENABLE_DEBUG_INFO = NO;
				SDKROOT = iphoneos;
				VALIDATE_PRODUCT = YES;
			};
			name = Release;
		};
		607FACF01AFB9204008FA782 /* Debug */ = {
			isa = XCBuildConfiguration;
			baseConfigurationReference = 2B2AACEBEFE9FE77EE22B0D9 /* Pods-PocketMediaNativeAds_Example.debug.xcconfig */;
			buildSettings = {
				ASSETCATALOG_COMPILER_APPICON_NAME = AppIcon;
				CODE_SIGN_IDENTITY = "iPhone Developer";
				"CODE_SIGN_IDENTITY[sdk=iphoneos*]" = "iPhone Developer";
				INFOPLIST_FILE = PocketMediaNativeAds/Info.plist;
				LD_RUNPATH_SEARCH_PATHS = "$(inherited) @executable_path/Frameworks";
				MODULE_NAME = ExampleApp;
				PRODUCT_BUNDLE_IDENTIFIER = "org.cocoapods.demo.$(PRODUCT_NAME:rfc1034identifier)";
				PRODUCT_NAME = "$(TARGET_NAME)";
				PROVISIONING_PROFILE = "";
			};
			name = Debug;
		};
		607FACF11AFB9204008FA782 /* Release */ = {
			isa = XCBuildConfiguration;
			baseConfigurationReference = 0D93340C2C8E131E7AB1CB4F /* Pods-PocketMediaNativeAds_Example.release.xcconfig */;
			buildSettings = {
				ASSETCATALOG_COMPILER_APPICON_NAME = AppIcon;
				CODE_SIGN_IDENTITY = "iPhone Developer";
				"CODE_SIGN_IDENTITY[sdk=iphoneos*]" = "iPhone Developer";
				INFOPLIST_FILE = PocketMediaNativeAds/Info.plist;
				LD_RUNPATH_SEARCH_PATHS = "$(inherited) @executable_path/Frameworks";
				MODULE_NAME = ExampleApp;
				PRODUCT_BUNDLE_IDENTIFIER = "org.cocoapods.demo.$(PRODUCT_NAME:rfc1034identifier)";
				PRODUCT_NAME = "$(TARGET_NAME)";
				PROVISIONING_PROFILE = "";
			};
			name = Release;
		};
		607FACF31AFB9204008FA782 /* Debug */ = {
			isa = XCBuildConfiguration;
			buildSettings = {
				BUNDLE_LOADER = "$(TEST_HOST)";
				FRAMEWORK_SEARCH_PATHS = (
					"$(SDKROOT)/Developer/Library/Frameworks",
					"$(inherited)",
				);
				GCC_PREPROCESSOR_DEFINITIONS = (
					"DEBUG=1",
					"$(inherited)",
				);
				INFOPLIST_FILE = Tests/Info.plist;
				LD_RUNPATH_SEARCH_PATHS = "$(inherited) @executable_path/Frameworks @loader_path/Frameworks";
				PRODUCT_BUNDLE_IDENTIFIER = "org.cocoapods.$(PRODUCT_NAME:rfc1034identifier)";
				PRODUCT_NAME = "$(TARGET_NAME)";
				TEST_HOST = "$(BUILT_PRODUCTS_DIR)/PocketMediaNativeAds_Example.app/PocketMediaNativeAds_Example";
			};
			name = Debug;
		};
		607FACF41AFB9204008FA782 /* Release */ = {
			isa = XCBuildConfiguration;
			buildSettings = {
				BUNDLE_LOADER = "$(TEST_HOST)";
				FRAMEWORK_SEARCH_PATHS = (
					"$(SDKROOT)/Developer/Library/Frameworks",
					"$(inherited)",
				);
				INFOPLIST_FILE = Tests/Info.plist;
				LD_RUNPATH_SEARCH_PATHS = "$(inherited) @executable_path/Frameworks @loader_path/Frameworks";
				PRODUCT_BUNDLE_IDENTIFIER = "org.cocoapods.$(PRODUCT_NAME:rfc1034identifier)";
				PRODUCT_NAME = "$(TARGET_NAME)";
				TEST_HOST = "$(BUILT_PRODUCTS_DIR)/PocketMediaNativeAds_Example.app/PocketMediaNativeAds_Example";
			};
			name = Release;
		};
/* End XCBuildConfiguration section */

/* Begin XCConfigurationList section */
		18D62C791CCD6C3A0086175C /* Build configuration list for PBXNativeTarget "PocketMediaNativeAds_ExampleTests" */ = {
			isa = XCConfigurationList;
			buildConfigurations = (
				18D62C771CCD6C3A0086175C /* Debug */,
				18D62C781CCD6C3A0086175C /* Release */,
			);
			defaultConfigurationIsVisible = 0;
			defaultConfigurationName = Release;
		};
		607FACCB1AFB9204008FA782 /* Build configuration list for PBXProject "PocketMediaNativeAds" */ = {
			isa = XCConfigurationList;
			buildConfigurations = (
				607FACED1AFB9204008FA782 /* Debug */,
				607FACEE1AFB9204008FA782 /* Release */,
			);
			defaultConfigurationIsVisible = 0;
			defaultConfigurationName = Release;
		};
		607FACEF1AFB9204008FA782 /* Build configuration list for PBXNativeTarget "PocketMediaNativeAds_Example" */ = {
			isa = XCConfigurationList;
			buildConfigurations = (
				607FACF01AFB9204008FA782 /* Debug */,
				607FACF11AFB9204008FA782 /* Release */,
			);
			defaultConfigurationIsVisible = 0;
			defaultConfigurationName = Release;
		};
		607FACF21AFB9204008FA782 /* Build configuration list for PBXNativeTarget "PocketMediaNativeAds_Tests" */ = {
			isa = XCConfigurationList;
			buildConfigurations = (
				607FACF31AFB9204008FA782 /* Debug */,
				607FACF41AFB9204008FA782 /* Release */,
			);
			defaultConfigurationIsVisible = 0;
			defaultConfigurationName = Release;
		};
/* End XCConfigurationList section */
	};
	rootObject = 607FACC81AFB9204008FA782 /* Project object */;
}
