// !$*UTF8*$!
{
	archiveVersion = 1;
	classes = {
	};
	objectVersion = 46;
	objects = {

/* Begin PBXBuildFile section */
		180D1FB61D23D85300A6738D /* questionMarkBtn@3x.png in Resources */ = {isa = PBXBuildFile; fileRef = 180D1FB51D23D85300A6738D /* questionMarkBtn@3x.png */; };
		181280F71D22B84500D16BAE /* Logo_Pocketmedia_horizontal_white-3.png in Resources */ = {isa = PBXBuildFile; fileRef = 181280F61D22B84500D16BAE /* Logo_Pocketmedia_horizontal_white-3.png */; };
		183C80B31CC6754D00FC55B3 /* ExampleTableViewDataSource.swift in Sources */ = {isa = PBXBuildFile; fileRef = 183C80B21CC6754D00FC55B3 /* ExampleTableViewDataSource.swift */; };
		185B1EAD1D17F853004BA7A4 /* CollectionViewController.swift in Sources */ = {isa = PBXBuildFile; fileRef = 185B1EAC1D17F853004BA7A4 /* CollectionViewController.swift */; };
		185B1EAF1D180372004BA7A4 /* CollectionAdCell.swift in Sources */ = {isa = PBXBuildFile; fileRef = 185B1EAE1D180372004BA7A4 /* CollectionAdCell.swift */; };
		187665411D12DFDC00554ED4 /* TestSupplied.xib in Resources */ = {isa = PBXBuildFile; fileRef = 187665401D12DFDC00554ED4 /* TestSupplied.xib */; };
		18A80D641D1AC22200041331 /* MenuViewController.swift in Sources */ = {isa = PBXBuildFile; fileRef = 18A80D631D1AC22200041331 /* MenuViewController.swift */; };
		18D6EDD51C847F41004A5B9D /* close.png in Resources */ = {isa = PBXBuildFile; fileRef = 18D6EDD41C847F41004A5B9D /* close.png */; };
		18D6EDD71C8480AC004A5B9D /* Highlight-St.-Barts-Image.jpg in Resources */ = {isa = PBXBuildFile; fileRef = 18D6EDD61C8480AC004A5B9D /* Highlight-St.-Barts-Image.jpg */; };
		27A2A8CB1D83073500BE8DFD /* PocketMediaNativeAds.framework in Frameworks */ = {isa = PBXBuildFile; fileRef = 27A2A8CA1D83073500BE8DFD /* PocketMediaNativeAds.framework */; };
		27A2A8CC1D83073500BE8DFD /* PocketMediaNativeAds.framework in Embed Frameworks */ = {isa = PBXBuildFile; fileRef = 27A2A8CA1D83073500BE8DFD /* PocketMediaNativeAds.framework */; settings = {ATTRIBUTES = (CodeSignOnCopy, RemoveHeadersOnCopy, ); }; };
		27A2A8D01D83080400BE8DFD /* Haneke.framework in Embed Frameworks */ = {isa = PBXBuildFile; fileRef = 27A2A8CE1D83080400BE8DFD /* Haneke.framework */; settings = {ATTRIBUTES = (CodeSignOnCopy, RemoveHeadersOnCopy, ); }; };
		3A75F26A1C3FF6CC00F81318 /* TableViewController.swift in Sources */ = {isa = PBXBuildFile; fileRef = 3A75F2691C3FF6CC00F81318 /* TableViewController.swift */; };
		3A75F26E1C3FF8A300F81318 /* DummyData.json in Resources */ = {isa = PBXBuildFile; fileRef = 3A75F26D1C3FF8A300F81318 /* DummyData.json */; };
		3A75F2731C3FFA7B00F81318 /* AdCell.swift in Sources */ = {isa = PBXBuildFile; fileRef = 3A75F2701C3FFA7B00F81318 /* AdCell.swift */; };
		3A75F2741C3FFA7B00F81318 /* ItemCell.swift in Sources */ = {isa = PBXBuildFile; fileRef = 3A75F2711C3FFA7B00F81318 /* ItemCell.swift */; };
		3A75F2751C3FFA7B00F81318 /* ItemTableView.swift in Sources */ = {isa = PBXBuildFile; fileRef = 3A75F2721C3FFA7B00F81318 /* ItemTableView.swift */; };
		3AFA58C91D2D135800A0F7E6 /* Logo_Pocketmedia_horizontal_white.png in Resources */ = {isa = PBXBuildFile; fileRef = 3AFA58C81D2D135800A0F7E6 /* Logo_Pocketmedia_horizontal_white.png */; };
		607FACD61AFB9204008FA782 /* AppDelegate.swift in Sources */ = {isa = PBXBuildFile; fileRef = 607FACD51AFB9204008FA782 /* AppDelegate.swift */; };
		607FACDB1AFB9204008FA782 /* Main.storyboard in Resources */ = {isa = PBXBuildFile; fileRef = 607FACD91AFB9204008FA782 /* Main.storyboard */; };
		607FACDD1AFB9204008FA782 /* Images.xcassets in Resources */ = {isa = PBXBuildFile; fileRef = 607FACDC1AFB9204008FA782 /* Images.xcassets */; };
		607FACE01AFB9204008FA782 /* LaunchScreen.xib in Resources */ = {isa = PBXBuildFile; fileRef = 607FACDE1AFB9204008FA782 /* LaunchScreen.xib */; };
/* End PBXBuildFile section */

/* Begin PBXCopyFilesBuildPhase section */
		27A2A8CD1D83073600BE8DFD /* Embed Frameworks */ = {
			isa = PBXCopyFilesBuildPhase;
			buildActionMask = 2147483647;
			dstPath = "";
			dstSubfolderSpec = 10;
			files = (
				27A2A8D01D83080400BE8DFD /* Haneke.framework in Embed Frameworks */,
				27A2A8CC1D83073500BE8DFD /* PocketMediaNativeAds.framework in Embed Frameworks */,
			);
			name = "Embed Frameworks";
			runOnlyForDeploymentPostprocessing = 0;
		};
/* End PBXCopyFilesBuildPhase section */

/* Begin PBXFileReference section */
		180D1FB51D23D85300A6738D /* questionMarkBtn@3x.png */ = {isa = PBXFileReference; lastKnownFileType = image.png; path = "questionMarkBtn@3x.png"; sourceTree = "<group>"; };
		181280F61D22B84500D16BAE /* Logo_Pocketmedia_horizontal_white-3.png */ = {isa = PBXFileReference; lastKnownFileType = image.png; path = "Logo_Pocketmedia_horizontal_white-3.png"; sourceTree = "<group>"; };
		183C80B21CC6754D00FC55B3 /* ExampleTableViewDataSource.swift */ = {isa = PBXFileReference; fileEncoding = 4; lastKnownFileType = sourcecode.swift; lineEnding = 0; path = ExampleTableViewDataSource.swift; sourceTree = "<group>"; xcLanguageSpecificationIdentifier = xcode.lang.swift; };
		185B1EAC1D17F853004BA7A4 /* CollectionViewController.swift */ = {isa = PBXFileReference; fileEncoding = 4; lastKnownFileType = sourcecode.swift; lineEnding = 0; path = CollectionViewController.swift; sourceTree = "<group>"; xcLanguageSpecificationIdentifier = xcode.lang.swift; };
		185B1EAE1D180372004BA7A4 /* CollectionAdCell.swift */ = {isa = PBXFileReference; fileEncoding = 4; lastKnownFileType = sourcecode.swift; lineEnding = 0; path = CollectionAdCell.swift; sourceTree = "<group>"; xcLanguageSpecificationIdentifier = xcode.lang.swift; };
		187665401D12DFDC00554ED4 /* TestSupplied.xib */ = {isa = PBXFileReference; fileEncoding = 4; lastKnownFileType = file.xib; path = TestSupplied.xib; sourceTree = "<group>"; };
		18A80D631D1AC22200041331 /* MenuViewController.swift */ = {isa = PBXFileReference; fileEncoding = 4; lastKnownFileType = sourcecode.swift; lineEnding = 0; path = MenuViewController.swift; sourceTree = "<group>"; xcLanguageSpecificationIdentifier = xcode.lang.swift; };
		18D6EDD41C847F41004A5B9D /* close.png */ = {isa = PBXFileReference; lastKnownFileType = image.png; path = close.png; sourceTree = "<group>"; };
		18D6EDD61C8480AC004A5B9D /* Highlight-St.-Barts-Image.jpg */ = {isa = PBXFileReference; lastKnownFileType = image.jpeg; path = "Highlight-St.-Barts-Image.jpg"; sourceTree = "<group>"; };
		2717FC161D83061800F6085A /* PocketMediaNativeAds.framework */ = {isa = PBXFileReference; lastKnownFileType = wrapper.framework; name = PocketMediaNativeAds.framework; path = "../build/Debug-iphoneos/PocketMediaNativeAds.framework"; sourceTree = "<group>"; };
		27984B091D885CCA00B0062F /* Info.plist */ = {isa = PBXFileReference; lastKnownFileType = text.plist.xml; path = Info.plist; sourceTree = "<group>"; };
		3A75F2691C3FF6CC00F81318 /* TableViewController.swift */ = {isa = PBXFileReference; fileEncoding = 4; lastKnownFileType = sourcecode.swift; path = TableViewController.swift; sourceTree = "<group>"; };
		3A75F26D1C3FF8A300F81318 /* DummyData.json */ = {isa = PBXFileReference; fileEncoding = 4; lastKnownFileType = text.json; path = DummyData.json; sourceTree = "<group>"; };
		3A75F2701C3FFA7B00F81318 /* AdCell.swift */ = {isa = PBXFileReference; fileEncoding = 4; lastKnownFileType = sourcecode.swift; path = AdCell.swift; sourceTree = "<group>"; };
		3A75F2711C3FFA7B00F81318 /* ItemCell.swift */ = {isa = PBXFileReference; fileEncoding = 4; lastKnownFileType = sourcecode.swift; path = ItemCell.swift; sourceTree = "<group>"; };
		3A75F2721C3FFA7B00F81318 /* ItemTableView.swift */ = {isa = PBXFileReference; fileEncoding = 4; lastKnownFileType = sourcecode.swift; path = ItemTableView.swift; sourceTree = "<group>"; };
		3AFA58C81D2D135800A0F7E6 /* Logo_Pocketmedia_horizontal_white.png */ = {isa = PBXFileReference; lastKnownFileType = image.png; path = Logo_Pocketmedia_horizontal_white.png; sourceTree = "<group>"; };
		607FACD01AFB9204008FA782 /* PocketMediaNativeAdsExample_Example.app */ = {isa = PBXFileReference; explicitFileType = wrapper.application; includeInIndex = 0; path = PocketMediaNativeAdsExample_Example.app; sourceTree = BUILT_PRODUCTS_DIR; };
		607FACD51AFB9204008FA782 /* AppDelegate.swift */ = {isa = PBXFileReference; lastKnownFileType = sourcecode.swift; path = AppDelegate.swift; sourceTree = "<group>"; };
		607FACDA1AFB9204008FA782 /* Base */ = {isa = PBXFileReference; lastKnownFileType = file.storyboard; name = Base; path = Base.lproj/Main.storyboard; sourceTree = "<group>"; };
		607FACDC1AFB9204008FA782 /* Images.xcassets */ = {isa = PBXFileReference; lastKnownFileType = folder.assetcatalog; path = Images.xcassets; sourceTree = "<group>"; };
		607FACDF1AFB9204008FA782 /* Base */ = {isa = PBXFileReference; lastKnownFileType = file.xib; name = Base; path = Base.lproj/LaunchScreen.xib; sourceTree = "<group>"; };
/* End PBXFileReference section */

/* Begin PBXFrameworksBuildPhase section */
		607FACCD1AFB9204008FA782 /* Frameworks */ = {
			isa = PBXFrameworksBuildPhase;
			buildActionMask = 2147483647;
			files = (
				27A2A8CB1D83073500BE8DFD /* PocketMediaNativeAds.framework in Frameworks */,
			);
			runOnlyForDeploymentPostprocessing = 0;
		};
/* End PBXFrameworksBuildPhase section */

/* Begin PBXGroup section */
		18A80D651D1ACB8100041331 /* TableView */ = {
			isa = PBXGroup;
			children = (
				3A75F2691C3FF6CC00F81318 /* TableViewController.swift */,
				183C80B21CC6754D00FC55B3 /* ExampleTableViewDataSource.swift */,
			);
			name = TableView;
			sourceTree = "<group>";
		};
		18A80D661D1ACB8C00041331 /* CollectionView */ = {
			isa = PBXGroup;
			children = (
				185B1EAC1D17F853004BA7A4 /* CollectionViewController.swift */,
				185B1EAE1D180372004BA7A4 /* CollectionAdCell.swift */,
			);
			name = CollectionView;
			sourceTree = "<group>";
		};
		18A80D671D1ACB9800041331 /* Menu */ = {
			isa = PBXGroup;
			children = (
				3A75F26F1C3FFA7200F81318 /* Views */,
				18A80D631D1AC22200041331 /* MenuViewController.swift */,
			);
			name = Menu;
			sourceTree = "<group>";
		};
		23FF5FD8FB9E3525E7CACD61 /* Frameworks */ = {
			isa = PBXGroup;
			children = (
				27A2A8CE1D83080400BE8DFD /* Haneke.framework */,
				27A2A8CA1D83073500BE8DFD /* PocketMediaNativeAds.framework */,
				2717FC161D83061800F6085A /* PocketMediaNativeAds.framework */,
			);
			name = Frameworks;
			sourceTree = "<group>";
		};
		27984B081D885CCA00B0062F /* PocketMediaNativeAdsBundle */ = {
			isa = PBXGroup;
			children = (
				27984B091D885CCA00B0062F /* Info.plist */,
			);
			path = PocketMediaNativeAdsBundle;
			sourceTree = "<group>";
		};
		3A75F26F1C3FFA7200F81318 /* Views */ = {
			isa = PBXGroup;
			children = (
				3A75F2721C3FFA7B00F81318 /* ItemTableView.swift */,
				3A75F2701C3FFA7B00F81318 /* AdCell.swift */,
				3A75F2711C3FFA7B00F81318 /* ItemCell.swift */,
			);
			name = Views;
			sourceTree = "<group>";
		};
		607FACC71AFB9204008FA782 = {
			isa = PBXGroup;
			children = (
				607FACD21AFB9204008FA782 /* source */,
				27984B081D885CCA00B0062F /* PocketMediaNativeAdsBundle */,
				607FACD11AFB9204008FA782 /* Products */,
				23FF5FD8FB9E3525E7CACD61 /* Frameworks */,
			);
			sourceTree = "<group>";
		};
		607FACD11AFB9204008FA782 /* Products */ = {
			isa = PBXGroup;
			children = (
				607FACD01AFB9204008FA782 /* PocketMediaNativeAdsExample_Example.app */,
			);
			name = Products;
			sourceTree = "<group>";
		};
		607FACD21AFB9204008FA782 /* source */ = {
			isa = PBXGroup;
			children = (
				18A80D671D1ACB9800041331 /* Menu */,
				18A80D661D1ACB8C00041331 /* CollectionView */,
				18A80D651D1ACB8100041331 /* TableView */,
				3A75F26D1C3FF8A300F81318 /* DummyData.json */,
				607FACD51AFB9204008FA782 /* AppDelegate.swift */,
				181280F61D22B84500D16BAE /* Logo_Pocketmedia_horizontal_white-3.png */,
				180D1FB51D23D85300A6738D /* questionMarkBtn@3x.png */,
				607FACD91AFB9204008FA782 /* Main.storyboard */,
				607FACDC1AFB9204008FA782 /* Images.xcassets */,
				18D6EDD61C8480AC004A5B9D /* Highlight-St.-Barts-Image.jpg */,
				18D6EDD41C847F41004A5B9D /* close.png */,
				3AFA58C81D2D135800A0F7E6 /* Logo_Pocketmedia_horizontal_white.png */,
				607FACDE1AFB9204008FA782 /* LaunchScreen.xib */,
				187665401D12DFDC00554ED4 /* TestSupplied.xib */,
			);
			name = source;
			path = PocketMediaNativeAds;
			sourceTree = "<group>";
		};
/* End PBXGroup section */

/* Begin PBXNativeTarget section */
		607FACCF1AFB9204008FA782 /* PocketMediaNativeAdsExample_Example */ = {
			isa = PBXNativeTarget;
			buildConfigurationList = 607FACEF1AFB9204008FA782 /* Build configuration list for PBXNativeTarget "PocketMediaNativeAdsExample_Example" */;
			buildPhases = (
				607FACCC1AFB9204008FA782 /* Sources */,
				607FACCD1AFB9204008FA782 /* Frameworks */,
				607FACCE1AFB9204008FA782 /* Resources */,
				27A2A8CD1D83073600BE8DFD /* Embed Frameworks */,
			);
			buildRules = (
			);
			dependencies = (
			);
			name = PocketMediaNativeAdsExample_Example;
			productName = PocketMediaNativeAds;
			productReference = 607FACD01AFB9204008FA782 /* PocketMediaNativeAdsExample_Example.app */;
			productType = "com.apple.product-type.application";
		};
/* End PBXNativeTarget section */

/* Begin PBXProject section */
		607FACC81AFB9204008FA782 /* Project object */ = {
			isa = PBXProject;
			attributes = {
				LastSwiftUpdateCheck = 0730;
				LastUpgradeCheck = 0720;
				ORGANIZATIONNAME = CocoaPods;
				TargetAttributes = {
					607FACCF1AFB9204008FA782 = {
						CreatedOnToolsVersion = 6.3.1;
					};
				};
			};
			buildConfigurationList = 607FACCB1AFB9204008FA782 /* Build configuration list for PBXProject "PocketMediaNativeAdsExample" */;
			compatibilityVersion = "Xcode 3.2";
			developmentRegion = English;
			hasScannedForEncodings = 0;
			knownRegions = (
				en,
				Base,
			);
			mainGroup = 607FACC71AFB9204008FA782;
			productRefGroup = 607FACD11AFB9204008FA782 /* Products */;
			projectDirPath = "";
			projectRoot = "";
			targets = (
				607FACCF1AFB9204008FA782 /* PocketMediaNativeAdsExample_Example */,
			);
		};
/* End PBXProject section */

/* Begin PBXResourcesBuildPhase section */
		607FACCE1AFB9204008FA782 /* Resources */ = {
			isa = PBXResourcesBuildPhase;
			buildActionMask = 2147483647;
			files = (
				18D6EDD71C8480AC004A5B9D /* Highlight-St.-Barts-Image.jpg in Resources */,
				181280F71D22B84500D16BAE /* Logo_Pocketmedia_horizontal_white-3.png in Resources */,
				18D6EDD51C847F41004A5B9D /* close.png in Resources */,
				3A75F26E1C3FF8A300F81318 /* DummyData.json in Resources */,
				187665411D12DFDC00554ED4 /* TestSupplied.xib in Resources */,
				607FACDB1AFB9204008FA782 /* Main.storyboard in Resources */,
				607FACE01AFB9204008FA782 /* LaunchScreen.xib in Resources */,
				180D1FB61D23D85300A6738D /* questionMarkBtn@3x.png in Resources */,
				607FACDD1AFB9204008FA782 /* Images.xcassets in Resources */,
				3AFA58C91D2D135800A0F7E6 /* Logo_Pocketmedia_horizontal_white.png in Resources */,
			);
			runOnlyForDeploymentPostprocessing = 0;
		};
/* End PBXResourcesBuildPhase section */

/* Begin PBXSourcesBuildPhase section */
		607FACCC1AFB9204008FA782 /* Sources */ = {
			isa = PBXSourcesBuildPhase;
			buildActionMask = 2147483647;
			files = (
				185B1EAF1D180372004BA7A4 /* CollectionAdCell.swift in Sources */,
				18A80D641D1AC22200041331 /* MenuViewController.swift in Sources */,
				3A75F2741C3FFA7B00F81318 /* ItemCell.swift in Sources */,
				183C80B31CC6754D00FC55B3 /* ExampleTableViewDataSource.swift in Sources */,
				3A75F2751C3FFA7B00F81318 /* ItemTableView.swift in Sources */,
				185B1EAD1D17F853004BA7A4 /* CollectionViewController.swift in Sources */,
				3A75F2731C3FFA7B00F81318 /* AdCell.swift in Sources */,
				3A75F26A1C3FF6CC00F81318 /* TableViewController.swift in Sources */,
				607FACD61AFB9204008FA782 /* AppDelegate.swift in Sources */,
			);
			runOnlyForDeploymentPostprocessing = 0;
		};
/* End PBXSourcesBuildPhase section */

/* Begin PBXVariantGroup section */
		607FACD91AFB9204008FA782 /* Main.storyboard */ = {
			isa = PBXVariantGroup;
			children = (
				607FACDA1AFB9204008FA782 /* Base */,
			);
			name = Main.storyboard;
			sourceTree = "<group>";
		};
		607FACDE1AFB9204008FA782 /* LaunchScreen.xib */ = {
			isa = PBXVariantGroup;
			children = (
				607FACDF1AFB9204008FA782 /* Base */,
			);
			name = LaunchScreen.xib;
			sourceTree = "<group>";
		};
/* End PBXVariantGroup section */

/* Begin XCBuildConfiguration section */
		607FACED1AFB9204008FA782 /* Debug */ = {
			isa = XCBuildConfiguration;
			buildSettings = {
				ALWAYS_SEARCH_USER_PATHS = NO;
				CLANG_CXX_LANGUAGE_STANDARD = "gnu++0x";
				CLANG_CXX_LIBRARY = "libc++";
				CLANG_ENABLE_MODULES = YES;
				CLANG_ENABLE_OBJC_ARC = YES;
				CLANG_WARN_BOOL_CONVERSION = YES;
				CLANG_WARN_CONSTANT_CONVERSION = YES;
				CLANG_WARN_DIRECT_OBJC_ISA_USAGE = YES_ERROR;
				CLANG_WARN_EMPTY_BODY = YES;
				CLANG_WARN_ENUM_CONVERSION = YES;
				CLANG_WARN_INT_CONVERSION = YES;
				CLANG_WARN_OBJC_ROOT_CLASS = YES_ERROR;
				CLANG_WARN_UNREACHABLE_CODE = YES;
				CLANG_WARN__DUPLICATE_METHOD_MATCH = YES;
				"CODE_SIGN_IDENTITY[sdk=iphoneos*]" = "iPhone Developer";
				COPY_PHASE_STRIP = NO;
				DEBUG_INFORMATION_FORMAT = "dwarf-with-dsym";
				ENABLE_STRICT_OBJC_MSGSEND = YES;
				ENABLE_TESTABILITY = YES;
				GCC_C_LANGUAGE_STANDARD = gnu99;
				GCC_DYNAMIC_NO_PIC = NO;
				GCC_NO_COMMON_BLOCKS = YES;
				GCC_OPTIMIZATION_LEVEL = 0;
				GCC_PREPROCESSOR_DEFINITIONS = (
					"DEBUG=1",
					"$(inherited)",
				);
				GCC_SYMBOLS_PRIVATE_EXTERN = NO;
				GCC_WARN_64_TO_32_BIT_CONVERSION = YES;
				GCC_WARN_ABOUT_RETURN_TYPE = YES_ERROR;
				GCC_WARN_UNDECLARED_SELECTOR = YES;
				GCC_WARN_UNINITIALIZED_AUTOS = YES_AGGRESSIVE;
				GCC_WARN_UNUSED_FUNCTION = YES;
				GCC_WARN_UNUSED_VARIABLE = YES;
				IPHONEOS_DEPLOYMENT_TARGET = 8.3;
				MTL_ENABLE_DEBUG_INFO = YES;
				ONLY_ACTIVE_ARCH = YES;
				SDKROOT = iphoneos;
				SWIFT_OPTIMIZATION_LEVEL = "-Onone";
			};
			name = Debug;
		};
		607FACEE1AFB9204008FA782 /* Release */ = {
			isa = XCBuildConfiguration;
			buildSettings = {
				ALWAYS_SEARCH_USER_PATHS = NO;
				CLANG_CXX_LANGUAGE_STANDARD = "gnu++0x";
				CLANG_CXX_LIBRARY = "libc++";
				CLANG_ENABLE_MODULES = YES;
				CLANG_ENABLE_OBJC_ARC = YES;
				CLANG_WARN_BOOL_CONVERSION = YES;
				CLANG_WARN_CONSTANT_CONVERSION = YES;
				CLANG_WARN_DIRECT_OBJC_ISA_USAGE = YES_ERROR;
				CLANG_WARN_EMPTY_BODY = YES;
				CLANG_WARN_ENUM_CONVERSION = YES;
				CLANG_WARN_INT_CONVERSION = YES;
				CLANG_WARN_OBJC_ROOT_CLASS = YES_ERROR;
				CLANG_WARN_UNREACHABLE_CODE = YES;
				CLANG_WARN__DUPLICATE_METHOD_MATCH = YES;
				"CODE_SIGN_IDENTITY[sdk=iphoneos*]" = "iPhone Developer";
				COPY_PHASE_STRIP = NO;
				DEBUG_INFORMATION_FORMAT = "dwarf-with-dsym";
				ENABLE_NS_ASSERTIONS = NO;
				ENABLE_STRICT_OBJC_MSGSEND = YES;
				GCC_C_LANGUAGE_STANDARD = gnu99;
				GCC_NO_COMMON_BLOCKS = YES;
				GCC_WARN_64_TO_32_BIT_CONVERSION = YES;
				GCC_WARN_ABOUT_RETURN_TYPE = YES_ERROR;
				GCC_WARN_UNDECLARED_SELECTOR = YES;
				GCC_WARN_UNINITIALIZED_AUTOS = YES_AGGRESSIVE;
				GCC_WARN_UNUSED_FUNCTION = YES;
				GCC_WARN_UNUSED_VARIABLE = YES;
				IPHONEOS_DEPLOYMENT_TARGET = 8.3;
				MTL_ENABLE_DEBUG_INFO = NO;
				SDKROOT = iphoneos;
				VALIDATE_PRODUCT = YES;
			};
			name = Release;
		};
		607FACF01AFB9204008FA782 /* Debug */ = {
			isa = XCBuildConfiguration;
			buildSettings = {
				ASSETCATALOG_COMPILER_APPICON_NAME = AppIcon;
				CODE_SIGN_IDENTITY = "iPhone Developer";
				"CODE_SIGN_IDENTITY[sdk=iphoneos*]" = "iPhone Developer";
				INFOPLIST_FILE = PocketMediaNativeAds/Info.plist;
				IPHONEOS_DEPLOYMENT_TARGET = 9.3;
				LD_RUNPATH_SEARCH_PATHS = "$(inherited) @executable_path/Frameworks";
				MODULE_NAME = ExampleApp;
				PRODUCT_BUNDLE_IDENTIFIER = "org.cocoapods.demo.$(PRODUCT_NAME:rfc1034identifier)";
				PRODUCT_NAME = PocketMediaNativeAdsExample_Example;
				PROVISIONING_PROFILE = "";
			};
			name = Debug;
		};
		607FACF11AFB9204008FA782 /* Release */ = {
			isa = XCBuildConfiguration;
			buildSettings = {
				ASSETCATALOG_COMPILER_APPICON_NAME = AppIcon;
				CODE_SIGN_IDENTITY = "iPhone Developer";
				"CODE_SIGN_IDENTITY[sdk=iphoneos*]" = "iPhone Developer";
				INFOPLIST_FILE = PocketMediaNativeAds/Info.plist;
				IPHONEOS_DEPLOYMENT_TARGET = 9.3;
				LD_RUNPATH_SEARCH_PATHS = "$(inherited) @executable_path/Frameworks";
				MODULE_NAME = ExampleApp;
				PRODUCT_BUNDLE_IDENTIFIER = "org.cocoapods.demo.$(PRODUCT_NAME:rfc1034identifier)";
				PRODUCT_NAME = PocketMediaNativeAdsExample_Example;
				PROVISIONING_PROFILE = "";
			};
			name = Release;
		};
/* End XCBuildConfiguration section */

/* Begin XCConfigurationList section */
		607FACCB1AFB9204008FA782 /* Build configuration list for PBXProject "PocketMediaNativeAdsExample" */ = {
			isa = XCConfigurationList;
			buildConfigurations = (
				607FACED1AFB9204008FA782 /* Debug */,
				607FACEE1AFB9204008FA782 /* Release */,
			);
			defaultConfigurationIsVisible = 0;
			defaultConfigurationName = Release;
		};
		607FACEF1AFB9204008FA782 /* Build configuration list for PBXNativeTarget "PocketMediaNativeAdsExample_Example" */ = {
			isa = XCConfigurationList;
			buildConfigurations = (
				607FACF01AFB9204008FA782 /* Debug */,
				607FACF11AFB9204008FA782 /* Release */,
			);
			defaultConfigurationIsVisible = 0;
			defaultConfigurationName = Release;
		};
/* End XCConfigurationList section */
	};
	rootObject = 607FACC81AFB9204008FA782 /* Project object */;
}
